PODS:
  - AFNetworking (3.1.0):
    - AFNetworking/NSURLSession (= 3.1.0)
    - AFNetworking/Reachability (= 3.1.0)
    - AFNetworking/Security (= 3.1.0)
    - AFNetworking/Serialization (= 3.1.0)
    - AFNetworking/UIKit (= 3.1.0)
  - AFNetworking/NSURLSession (3.1.0):
    - AFNetworking/Reachability
    - AFNetworking/Security
    - AFNetworking/Serialization
  - AFNetworking/Reachability (3.1.0)
  - AFNetworking/Security (3.1.0)
  - AFNetworking/Serialization (3.1.0)
  - AFNetworking/UIKit (3.1.0):
    - AFNetworking/NSURLSession
  - AWSCognito (2.6.4):
    - AWSCore (= 2.6.4)
  - AWSCore (2.6.4)
  - AWSPolly (2.6.4):
    - AWSCore (= 2.6.4)
  - AWSS3 (2.6.4):
    - AWSCore (= 2.6.4)
  - Bolts (1.8.4):
    - Bolts/AppLinks (= 1.8.4)
    - Bolts/Tasks (= 1.8.4)
  - Bolts-Swift (1.3.0)
  - Bolts/AppLinks (1.8.4):
    - Bolts/Tasks
  - Bolts/Tasks (1.8.4)
  - FBSDKCoreKit (4.27.1):
    - Bolts (~> 1.7)
  - FBSDKLoginKit (4.27.1):
    - FBSDKCoreKit
  - Fusuma (1.2.0)
  - KMPlaceholderTextView (1.3.0)
  - Mapbox-iOS-SDK (3.6.4)
  - MapboxCoreNavigation (0.9.0):
    - MapboxDirections.swift (~> 0.10.5)
    - MapboxMobileEvents (~> 0.2)
    - OSRMTextInstructions (~> 0.3)
    - Turf (~> 0.0.3)
  - MapboxDirections.swift (0.10.6):
    - Polyline (= 4.1.1)
  - MapboxMobileEvents (0.2.10)
  - MapboxNavigation (0.9.0):
    - AWSPolly (~> 2.6)
    - Mapbox-iOS-SDK (~> 3.6)
    - MapboxCoreNavigation (= 0.9.0)
    - Pulley (= 1.4)
    - SDWebImage (~> 4.1)
    - Solar (= 2.0.0)
    - Turf (~> 0.0.3)
  - NVActivityIndicatorView (4.0.0):
    - NVActivityIndicatorView/Presenter (= 4.0.0)
  - NVActivityIndicatorView/Presenter (4.0.0)
  - OSRMTextInstructions (0.4.0):
    - MapboxDirections.swift (~> 0.10)
  - Parse (1.15.3):
    - Bolts/Tasks (~> 1.8)
  - ParseFacebookUtilsV4 (1.11.1):
    - Bolts/Tasks (>= 1.6)
    - FBSDKCoreKit (~> 4.10)
    - FBSDKLoginKit (~> 4.10)
    - FBSDKTVOSKit (~> 4.10)
    - Parse (~> 1.12)
  - ParseLiveQuery (2.2.1):
    - Bolts-Swift (~> 1.3)
    - Parse (~> 1.15.0)
    - Starscream (= 2.1.1)
  - Polyline (4.1.1)
  - PopupDialog (0.6.0)
  - Pulley (1.4)
  - SDWebImage (4.1.2):
    - SDWebImage/Core (= 4.1.2)
  - SDWebImage/Core (4.1.2)
  - Solar (2.0.0)
  - Starscream (2.1.1)
  - SwiftDate (4.3.0)
  - Turf (0.0.3)

DEPENDENCIES:
  - AFNetworking
  - AWSCognito
  - AWSCore
  - AWSS3
  - FBSDKLoginKit
  - Fusuma
  - KMPlaceholderTextView (~> 1.3.0)
  - Mapbox-iOS-SDK (~> 3.6)
  - MapboxNavigation (~> 0.9)
  - NVActivityIndicatorView
  - Parse
  - ParseFacebookUtilsV4
  - ParseLiveQuery
  - PopupDialog (~> 0.6)
  - SwiftDate (~> 4.3.0)

SPEC CHECKSUMS:
  AFNetworking: 5e0e199f73d8626b11e79750991f5d173d1f8b67
  AWSCognito: 730f6795c78817ff86701844fb22ca40d129494b
  AWSCore: f5611be1c3edc38dbf9d6da0a5d2b6c4841d1c05
  AWSPolly: 698429ec5961663b565a25ee258d2e474bc7fa8d
  AWSS3: f7a10f4c6bae46efc9a4588a1480a6761edcbc45
  Bolts: 8a7995239dbe724f9cba2248b766d48b7ebdd322
  Bolts-Swift: fa98d1b59fc1acea9b21a21306dcdca1c85e3737
  FBSDKCoreKit: 03365dad5d790249196ffad8be4f6d8a2d98f932
  FBSDKLoginKit: 66ff53b73cffd967ab773e32fac39e90a60e6d46
  Fusuma: e8158ad6650507455c9898c22bc01583fbc86d8e
  KMPlaceholderTextView: 2bbcd19a273648a80a61e1e48f9743a24d8930e3
  Mapbox-iOS-SDK: 47847dd44285477e0dfffd0130f65c8a52823ada
  MapboxCoreNavigation: 9cd3a9f11230414091acb822158a245137105b97
  MapboxDirections.swift: fbe95bd11c66339c1ef8b96301464f326394ac0d
  MapboxMobileEvents: 9e48b59d0eed04508595dcb04a77b7632e1c3054
  MapboxNavigation: d99b6973ec4890ae4109a46dd41fb5cf23ad0a16
  NVActivityIndicatorView: 54c9b93b6f25a4f467512680c0c90c09a1095cf2
  OSRMTextInstructions: d8aa1d21310fd31bf256cf245b11b9a8e6413d63
  Parse: cdc0f1f975ee8be0409e66f21b05df4ae067047c
  ParseFacebookUtilsV4: 2f30c2b7021c8005d3042781da7ef87d06589421
  ParseLiveQuery: bc2321032ddae9d6ecfd4842d1b10210d453b08b
  Polyline: 381d1e699fd12508f97cfc468478dfbab67edf1f
  PopupDialog: 687af43af0f7b89948cd411ac701865f931bd6dc
  Pulley: 3d47a5ca819b8f35a63e9a4811d35035d484d1d9
  SDWebImage: cb6f9f266a9977741efcbc21e618e8be3734c774
  Solar: ea092f7660c1b58d2b754227decb61a1c6710826
  Starscream: 142bd8ef24592d985daee9fa48c936070b85b15f
  SwiftDate: 64e2312711c5c506f7b51794308ce91f19eb494a
  Turf: 2089d59d12488de9cfa656634cce2c4e2dcbc691

PODFILE CHECKSUM: 0129d6192739f96b6bdd86f80021bbd3705c47ac

COCOAPODS: 1.3.1
