// !$*UTF8*$!
{
	archiveVersion = 1;
	classes = {
	};
	objectVersion = 48;
	objects = {

/* Begin PBXBuildFile section */
		B9CB3CF11F9056060023EA79 /* AppDelegate.swift in Sources */ = {isa = PBXBuildFile; fileRef = B9CB3CF01F9056060023EA79 /* AppDelegate.swift */; };
		B9CB3CF61F9056060023EA79 /* Main.storyboard in Resources */ = {isa = PBXBuildFile; fileRef = B9CB3CF41F9056060023EA79 /* Main.storyboard */; };
		B9CB3CF81F9056060023EA79 /* Assets.xcassets in Resources */ = {isa = PBXBuildFile; fileRef = B9CB3CF71F9056060023EA79 /* Assets.xcassets */; };
		B9CB3CFB1F9056060023EA79 /* LaunchScreen.storyboard in Resources */ = {isa = PBXBuildFile; fileRef = B9CB3CF91F9056060023EA79 /* LaunchScreen.storyboard */; };
		B9CB3D071F9056720023EA79 /* LoginViewController.swift in Sources */ = {isa = PBXBuildFile; fileRef = B9CB3D061F9056720023EA79 /* LoginViewController.swift */; };
		B9CB3D091F9056D90023EA79 /* LoginButton.swift in Sources */ = {isa = PBXBuildFile; fileRef = B9CB3D081F9056D90023EA79 /* LoginButton.swift */; };
		B9CB3D0B1F9056E40023EA79 /* LoginButton.xib in Resources */ = {isa = PBXBuildFile; fileRef = B9CB3D0A1F9056E40023EA79 /* LoginButton.xib */; };
/* End PBXBuildFile section */

/* Begin PBXFileReference section */
		B9CB3CED1F9056060023EA79 /* Sweeper.app */ = {isa = PBXFileReference; explicitFileType = wrapper.application; includeInIndex = 0; path = Sweeper.app; sourceTree = BUILT_PRODUCTS_DIR; };
		B9CB3CF01F9056060023EA79 /* AppDelegate.swift */ = {isa = PBXFileReference; lastKnownFileType = sourcecode.swift; path = AppDelegate.swift; sourceTree = "<group>"; };
		B9CB3CF51F9056060023EA79 /* Base */ = {isa = PBXFileReference; lastKnownFileType = file.storyboard; name = Base; path = Base.lproj/Main.storyboard; sourceTree = "<group>"; };
		B9CB3CF71F9056060023EA79 /* Assets.xcassets */ = {isa = PBXFileReference; lastKnownFileType = folder.assetcatalog; path = Assets.xcassets; sourceTree = "<group>"; };
		B9CB3CFA1F9056060023EA79 /* Base */ = {isa = PBXFileReference; lastKnownFileType = file.storyboard; name = Base; path = Base.lproj/LaunchScreen.storyboard; sourceTree = "<group>"; };
		B9CB3CFC1F9056060023EA79 /* Info.plist */ = {isa = PBXFileReference; lastKnownFileType = text.plist.xml; path = Info.plist; sourceTree = "<group>"; };
		B9CB3D061F9056720023EA79 /* LoginViewController.swift */ = {isa = PBXFileReference; lastKnownFileType = sourcecode.swift; path = LoginViewController.swift; sourceTree = "<group>"; };
		B9CB3D081F9056D90023EA79 /* LoginButton.swift */ = {isa = PBXFileReference; lastKnownFileType = sourcecode.swift; path = LoginButton.swift; sourceTree = "<group>"; };
		B9CB3D0A1F9056E40023EA79 /* LoginButton.xib */ = {isa = PBXFileReference; lastKnownFileType = file.xib; path = LoginButton.xib; sourceTree = "<group>"; };
/* End PBXFileReference section */

/* Begin PBXFrameworksBuildPhase section */
		B9CB3CEA1F9056060023EA79 /* Frameworks */ = {
			isa = PBXFrameworksBuildPhase;
			buildActionMask = 2147483647;
			files = (
			);
			runOnlyForDeploymentPostprocessing = 0;
		};
/* End PBXFrameworksBuildPhase section */

/* Begin PBXGroup section */
		B9CB3CE41F9056060023EA79 = {
			isa = PBXGroup;
			children = (
				B9CB3CEF1F9056060023EA79 /* Sweeper */,
				B9CB3CEE1F9056060023EA79 /* Products */,
			);
			sourceTree = "<group>";
		};
		B9CB3CEE1F9056060023EA79 /* Products */ = {
			isa = PBXGroup;
			children = (
				B9CB3CED1F9056060023EA79 /* Sweeper.app */,
			);
			name = Products;
			sourceTree = "<group>";
		};
		B9CB3CEF1F9056060023EA79 /* Sweeper */ = {
			isa = PBXGroup;
			children = (
				B9CB3D051F9056500023EA79 /* Views */,
				B9CB3D041F9056450023EA79 /* API */,
				B9CB3D031F90563E0023EA79 /* ViewControllers */,
				B9CB3D021F9056380023EA79 /* Models */,
				B9CB3CF01F9056060023EA79 /* AppDelegate.swift */,
				B9CB3CF41F9056060023EA79 /* Main.storyboard */,
				B9CB3CF71F9056060023EA79 /* Assets.xcassets */,
				B9CB3CF91F9056060023EA79 /* LaunchScreen.storyboard */,
				B9CB3CFC1F9056060023EA79 /* Info.plist */,
			);
			path = Sweeper;
			sourceTree = "<group>";
		};
		B9CB3D021F9056380023EA79 /* Models */ = {
			isa = PBXGroup;
			children = (
			);
			path = Models;
			sourceTree = "<group>";
		};
		B9CB3D031F90563E0023EA79 /* ViewControllers */ = {
			isa = PBXGroup;
			children = (
				B9CB3D061F9056720023EA79 /* LoginViewController.swift */,
			);
			path = ViewControllers;
			sourceTree = "<group>";
		};
		B9CB3D041F9056450023EA79 /* API */ = {
			isa = PBXGroup;
			children = (
			);
			path = API;
			sourceTree = "<group>";
		};
		B9CB3D051F9056500023EA79 /* Views */ = {
			isa = PBXGroup;
			children = (
				B9CB3D081F9056D90023EA79 /* LoginButton.swift */,
				B9CB3D0A1F9056E40023EA79 /* LoginButton.xib */,
			);
			path = Views;
			sourceTree = "<group>";
		};
/* End PBXGroup section */

/* Begin PBXNativeTarget section */
		B9CB3CEC1F9056060023EA79 /* Sweeper */ = {
			isa = PBXNativeTarget;
			buildConfigurationList = B9CB3CFF1F9056060023EA79 /* Build configuration list for PBXNativeTarget "Sweeper" */;
			buildPhases = (
				B9CB3CE91F9056060023EA79 /* Sources */,
				B9CB3CEA1F9056060023EA79 /* Frameworks */,
				B9CB3CEB1F9056060023EA79 /* Resources */,
			);
			buildRules = (
			);
			dependencies = (
			);
			name = Sweeper;
			productName = Sweeper;
			productReference = B9CB3CED1F9056060023EA79 /* Sweeper.app */;
			productType = "com.apple.product-type.application";
		};
/* End PBXNativeTarget section */

/* Begin PBXProject section */
		B9CB3CE51F9056060023EA79 /* Project object */ = {
			isa = PBXProject;
			attributes = {
				LastSwiftUpdateCheck = 0900;
				LastUpgradeCheck = 0900;
				ORGANIZATIONNAME = team11;
				TargetAttributes = {
					B9CB3CEC1F9056060023EA79 = {
						CreatedOnToolsVersion = 9.0;
						ProvisioningStyle = Automatic;
					};
				};
			};
			buildConfigurationList = B9CB3CE81F9056060023EA79 /* Build configuration list for PBXProject "Sweeper" */;
			compatibilityVersion = "Xcode 8.0";
			developmentRegion = en;
			hasScannedForEncodings = 0;
			knownRegions = (
				en,
				Base,
			);
			mainGroup = B9CB3CE41F9056060023EA79;
			productRefGroup = B9CB3CEE1F9056060023EA79 /* Products */;
			projectDirPath = "";
			projectRoot = "";
			targets = (
				B9CB3CEC1F9056060023EA79 /* Sweeper */,
			);
		};
/* End PBXProject section */

/* Begin PBXResourcesBuildPhase section */
		B9CB3CEB1F9056060023EA79 /* Resources */ = {
			isa = PBXResourcesBuildPhase;
			buildActionMask = 2147483647;
			files = (
				B9CB3CFB1F9056060023EA79 /* LaunchScreen.storyboard in Resources */,
				B9CB3D0B1F9056E40023EA79 /* LoginButton.xib in Resources */,
				B9CB3CF81F9056060023EA79 /* Assets.xcassets in Resources */,
				B9CB3CF61F9056060023EA79 /* Main.storyboard in Resources */,
			);
			runOnlyForDeploymentPostprocessing = 0;
		};
/* End PBXResourcesBuildPhase section */

/* Begin PBXSourcesBuildPhase section */
		B9CB3CE91F9056060023EA79 /* Sources */ = {
			isa = PBXSourcesBuildPhase;
			buildActionMask = 2147483647;
			files = (
				B9CB3D071F9056720023EA79 /* LoginViewController.swift in Sources */,
				B9CB3D091F9056D90023EA79 /* LoginButton.swift in Sources */,
				B9CB3CF11F9056060023EA79 /* AppDelegate.swift in Sources */,
			);
			runOnlyForDeploymentPostprocessing = 0;
		};
/* End PBXSourcesBuildPhase section */

/* Begin PBXVariantGroup section */
		B9CB3CF41F9056060023EA79 /* Main.storyboard */ = {
			isa = PBXVariantGroup;
			children = (
				B9CB3CF51F9056060023EA79 /* Base */,
			);
			name = Main.storyboard;
			sourceTree = "<group>";
		};
		B9CB3CF91F9056060023EA79 /* LaunchScreen.storyboard */ = {
			isa = PBXVariantGroup;
			children = (
				B9CB3CFA1F9056060023EA79 /* Base */,
			);
			name = LaunchScreen.storyboard;
			sourceTree = "<group>";
		};
/* End PBXVariantGroup section */

/* Begin XCBuildConfiguration section */
		B9CB3CFD1F9056060023EA79 /* Debug */ = {
			isa = XCBuildConfiguration;
			buildSettings = {
				ALWAYS_SEARCH_USER_PATHS = NO;
				CLANG_ANALYZER_NONNULL = YES;
				CLANG_ANALYZER_NUMBER_OBJECT_CONVERSION = YES_AGGRESSIVE;
				CLANG_CXX_LANGUAGE_STANDARD = "gnu++14";
				CLANG_CXX_LIBRARY = "libc++";
				CLANG_ENABLE_MODULES = YES;
				CLANG_ENABLE_OBJC_ARC = YES;
				CLANG_WARN_BLOCK_CAPTURE_AUTORELEASING = YES;
				CLANG_WARN_BOOL_CONVERSION = YES;
				CLANG_WARN_COMMA = YES;
				CLANG_WARN_CONSTANT_CONVERSION = YES;
				CLANG_WARN_DIRECT_OBJC_ISA_USAGE = YES_ERROR;
				CLANG_WARN_DOCUMENTATION_COMMENTS = YES;
				CLANG_WARN_EMPTY_BODY = YES;
				CLANG_WARN_ENUM_CONVERSION = YES;
				CLANG_WARN_INFINITE_RECURSION = YES;
				CLANG_WARN_INT_CONVERSION = YES;
				CLANG_WARN_NON_LITERAL_NULL_CONVERSION = YES;
				CLANG_WARN_OBJC_LITERAL_CONVERSION = YES;
				CLANG_WARN_OBJC_ROOT_CLASS = YES_ERROR;
				CLANG_WARN_RANGE_LOOP_ANALYSIS = YES;
				CLANG_WARN_STRICT_PROTOTYPES = YES;
				CLANG_WARN_SUSPICIOUS_MOVE = YES;
				CLANG_WARN_UNGUARDED_AVAILABILITY = YES_AGGRESSIVE;
				CLANG_WARN_UNREACHABLE_CODE = YES;
				CLANG_WARN__DUPLICATE_METHOD_MATCH = YES;
				CODE_SIGN_IDENTITY = "iPhone Developer";
				COPY_PHASE_STRIP = NO;
				DEBUG_INFORMATION_FORMAT = dwarf;
				ENABLE_STRICT_OBJC_MSGSEND = YES;
				ENABLE_TESTABILITY = YES;
				GCC_C_LANGUAGE_STANDARD = gnu11;
				GCC_DYNAMIC_NO_PIC = NO;
				GCC_NO_COMMON_BLOCKS = YES;
				GCC_OPTIMIZATION_LEVEL = 0;
				GCC_PREPROCESSOR_DEFINITIONS = (
					"DEBUG=1",
					"$(inherited)",
				);
				GCC_WARN_64_TO_32_BIT_CONVERSION = YES;
				GCC_WARN_ABOUT_RETURN_TYPE = YES_ERROR;
				GCC_WARN_UNDECLARED_SELECTOR = YES;
				GCC_WARN_UNINITIALIZED_AUTOS = YES_AGGRESSIVE;
				GCC_WARN_UNUSED_FUNCTION = YES;
				GCC_WARN_UNUSED_VARIABLE = YES;
				IPHONEOS_DEPLOYMENT_TARGET = 11.0;
				MTL_ENABLE_DEBUG_INFO = YES;
				ONLY_ACTIVE_ARCH = YES;
				SDKROOT = iphoneos;
				SWIFT_ACTIVE_COMPILATION_CONDITIONS = DEBUG;
				SWIFT_OPTIMIZATION_LEVEL = "-Onone";
			};
			name = Debug;
		};
		B9CB3CFE1F9056060023EA79 /* Release */ = {
			isa = XCBuildConfiguration;
			buildSettings = {
				ALWAYS_SEARCH_USER_PATHS = NO;
				CLANG_ANALYZER_NONNULL = YES;
				CLANG_ANALYZER_NUMBER_OBJECT_CONVERSION = YES_AGGRESSIVE;
				CLANG_CXX_LANGUAGE_STANDARD = "gnu++14";
				CLANG_CXX_LIBRARY = "libc++";
				CLANG_ENABLE_MODULES = YES;
				CLANG_ENABLE_OBJC_ARC = YES;
				CLANG_WARN_BLOCK_CAPTURE_AUTORELEASING = YES;
				CLANG_WARN_BOOL_CONVERSION = YES;
				CLANG_WARN_COMMA = YES;
				CLANG_WARN_CONSTANT_CONVERSION = YES;
				CLANG_WARN_DIRECT_OBJC_ISA_USAGE = YES_ERROR;
				CLANG_WARN_DOCUMENTATION_COMMENTS = YES;
				CLANG_WARN_EMPTY_BODY = YES;
				CLANG_WARN_ENUM_CONVERSION = YES;
				CLANG_WARN_INFINITE_RECURSION = YES;
				CLANG_WARN_INT_CONVERSION = YES;
				CLANG_WARN_NON_LITERAL_NULL_CONVERSION = YES;
				CLANG_WARN_OBJC_LITERAL_CONVERSION = YES;
				CLANG_WARN_OBJC_ROOT_CLASS = YES_ERROR;
				CLANG_WARN_RANGE_LOOP_ANALYSIS = YES;
				CLANG_WARN_STRICT_PROTOTYPES = YES;
				CLANG_WARN_SUSPICIOUS_MOVE = YES;
				CLANG_WARN_UNGUARDED_AVAILABILITY = YES_AGGRESSIVE;
				CLANG_WARN_UNREACHABLE_CODE = YES;
				CLANG_WARN__DUPLICATE_METHOD_MATCH = YES;
				CODE_SIGN_IDENTITY = "iPhone Developer";
				COPY_PHASE_STRIP = NO;
				DEBUG_INFORMATION_FORMAT = "dwarf-with-dsym";
				ENABLE_NS_ASSERTIONS = NO;
				ENABLE_STRICT_OBJC_MSGSEND = YES;
				GCC_C_LANGUAGE_STANDARD = gnu11;
				GCC_NO_COMMON_BLOCKS = YES;
				GCC_WARN_64_TO_32_BIT_CONVERSION = YES;
				GCC_WARN_ABOUT_RETURN_TYPE = YES_ERROR;
				GCC_WARN_UNDECLARED_SELECTOR = YES;
				GCC_WARN_UNINITIALIZED_AUTOS = YES_AGGRESSIVE;
				GCC_WARN_UNUSED_FUNCTION = YES;
				GCC_WARN_UNUSED_VARIABLE = YES;
				IPHONEOS_DEPLOYMENT_TARGET = 11.0;
				MTL_ENABLE_DEBUG_INFO = NO;
				SDKROOT = iphoneos;
				SWIFT_OPTIMIZATION_LEVEL = "-Owholemodule";
				VALIDATE_PRODUCT = YES;
			};
			name = Release;
		};
		B9CB3D001F9056060023EA79 /* Debug */ = {
			isa = XCBuildConfiguration;
			buildSettings = {
				ASSETCATALOG_COMPILER_APPICON_NAME = AppIcon;
				CODE_SIGN_STYLE = Automatic;
				INFOPLIST_FILE = Sweeper/Info.plist;
				LD_RUNPATH_SEARCH_PATHS = "$(inherited) @executable_path/Frameworks";
				PRODUCT_BUNDLE_IDENTIFIER = com.team11.Sweeper;
				PRODUCT_NAME = "$(TARGET_NAME)";
				SWIFT_VERSION = 4.0;
				TARGETED_DEVICE_FAMILY = "1,2";
			};
			name = Debug;
		};
		B9CB3D011F9056060023EA79 /* Release */ = {
			isa = XCBuildConfiguration;
			buildSettings = {
				ASSETCATALOG_COMPILER_APPICON_NAME = AppIcon;
				CODE_SIGN_STYLE = Automatic;
				INFOPLIST_FILE = Sweeper/Info.plist;
				LD_RUNPATH_SEARCH_PATHS = "$(inherited) @executable_path/Frameworks";
				PRODUCT_BUNDLE_IDENTIFIER = com.team11.Sweeper;
				PRODUCT_NAME = "$(TARGET_NAME)";
				SWIFT_VERSION = 4.0;
				TARGETED_DEVICE_FAMILY = "1,2";
			};
			name = Release;
		};
/* End XCBuildConfiguration section */

/* Begin XCConfigurationList section */
		B9CB3CE81F9056060023EA79 /* Build configuration list for PBXProject "Sweeper" */ = {
			isa = XCConfigurationList;
			buildConfigurations = (
				B9CB3CFD1F9056060023EA79 /* Debug */,
				B9CB3CFE1F9056060023EA79 /* Release */,
			);
			defaultConfigurationIsVisible = 0;
			defaultConfigurationName = Release;
		};
		B9CB3CFF1F9056060023EA79 /* Build configuration list for PBXNativeTarget "Sweeper" */ = {
			isa = XCConfigurationList;
			buildConfigurations = (
				B9CB3D001F9056060023EA79 /* Debug */,
				B9CB3D011F9056060023EA79 /* Release */,
			);
			defaultConfigurationIsVisible = 0;
			defaultConfigurationName = Release;
		};
/* End XCConfigurationList section */
	};
	rootObject = B9CB3CE51F9056060023EA79 /* Project object */;
}
