// !$*UTF8*$!
{
	archiveVersion = 1;
	classes = {
	};
	objectVersion = 48;
	objects = {

/* Begin PBXBuildFile section */
		374C23E81F91BDA5000C0ECE /* Pin.swift in Sources */ = {isa = PBXBuildFile; fileRef = 374C23E71F91BDA5000C0ECE /* Pin.swift */; };
		374C23EA1F91BDAE000C0ECE /* User.swift in Sources */ = {isa = PBXBuildFile; fileRef = 374C23E91F91BDAE000C0ECE /* User.swift */; };
		375A65821FA65C4800B3C952 /* ProfileHeader.xib in Resources */ = {isa = PBXBuildFile; fileRef = 375A65811FA65C4800B3C952 /* ProfileHeader.xib */; };
		375A65841FA65C6800B3C952 /* CollectionViewPinCell.xib in Resources */ = {isa = PBXBuildFile; fileRef = 375A65831FA65C6800B3C952 /* CollectionViewPinCell.xib */; };
		3771ABBF1FA1A33A00A06F17 /* PinCalloutView.swift in Sources */ = {isa = PBXBuildFile; fileRef = 3771ABBE1FA1A33A00A06F17 /* PinCalloutView.swift */; };
		3771ABC41FA1AA0300A06F17 /* CustomPinCalloutView.xib in Resources */ = {isa = PBXBuildFile; fileRef = 3771ABC31FA1AA0300A06F17 /* CustomPinCalloutView.xib */; };
		3771ABC61FA2CFDC00A06F17 /* CustomPinCalloutView.swift in Sources */ = {isa = PBXBuildFile; fileRef = 3771ABC51FA2CFDC00A06F17 /* CustomPinCalloutView.swift */; };
		37731EC91F92BE5F009E0603 /* PinService.swift in Sources */ = {isa = PBXBuildFile; fileRef = 37731EC81F92BE5F009E0603 /* PinService.swift */; };
		37731ECB1F92BE6D009E0603 /* UserService.swift in Sources */ = {isa = PBXBuildFile; fileRef = 37731ECA1F92BE6D009E0603 /* UserService.swift */; };
		37731ECD1F92C093009E0603 /* AppService.swift in Sources */ = {isa = PBXBuildFile; fileRef = 37731ECC1F92C093009E0603 /* AppService.swift */; };
		377DAA721F9D9AB100C7143A /* HomeViewController.swift in Sources */ = {isa = PBXBuildFile; fileRef = 377DAA711F9D9AB100C7143A /* HomeViewController.swift */; };
		377DAA741F9DB94E00C7143A /* EditProfileViewController.swift in Sources */ = {isa = PBXBuildFile; fileRef = 377DAA731F9DB94E00C7143A /* EditProfileViewController.swift */; };
		3786F8481F94071D0009F05B /* Tag.swift in Sources */ = {isa = PBXBuildFile; fileRef = 3786F8471F94071D0009F05B /* Tag.swift */; };
		3786F84A1F9414120009F05B /* TagService.swift in Sources */ = {isa = PBXBuildFile; fileRef = 3786F8491F9414120009F05B /* TagService.swift */; };
		37B4E2531F99B9440090B168 /* PinsListViewController.swift in Sources */ = {isa = PBXBuildFile; fileRef = 37B4E2521F99B9440090B168 /* PinsListViewController.swift */; };
		37B4E2551F99C6AA0090B168 /* PinCell.swift in Sources */ = {isa = PBXBuildFile; fileRef = 37B4E2541F99C6AA0090B168 /* PinCell.swift */; };
		37D2A0D31F9F126300273B20 /* CollectionViewPinCell.swift in Sources */ = {isa = PBXBuildFile; fileRef = 37D2A0D21F9F126200273B20 /* CollectionViewPinCell.swift */; };
		37F14EC91FA6671400D1F8D9 /* ProfileHeader.swift in Sources */ = {isa = PBXBuildFile; fileRef = 37F14EC81FA6671400D1F8D9 /* ProfileHeader.swift */; };
		37F3FA6B1F9B16A300287F61 /* Time.swift in Sources */ = {isa = PBXBuildFile; fileRef = 37F3FA6A1F9B16A300287F61 /* Time.swift */; };
		37F3FA701F9C29C100287F61 /* Profile.storyboard in Resources */ = {isa = PBXBuildFile; fileRef = 37F3FA6F1F9C29C100287F61 /* Profile.storyboard */; };
		37F3FA721F9C29E200287F61 /* ViewedPins.storyboard in Resources */ = {isa = PBXBuildFile; fileRef = 37F3FA711F9C29E200287F61 /* ViewedPins.storyboard */; };
		37F3FA761F9C2AEB00287F61 /* ViewedPinsViewController.swift in Sources */ = {isa = PBXBuildFile; fileRef = 37F3FA751F9C2AEB00287F61 /* ViewedPinsViewController.swift */; };
		37F3FA7F1F9D5DBC00287F61 /* TabBar.storyboard in Resources */ = {isa = PBXBuildFile; fileRef = 37F3FA7E1F9D5DBC00287F61 /* TabBar.storyboard */; };
		37F3FA811F9D603400287F61 /* TabBarViewController.swift in Sources */ = {isa = PBXBuildFile; fileRef = 37F3FA801F9D603400287F61 /* TabBarViewController.swift */; };
		37F811081FA58ABF004AD610 /* ProfileViewController.swift in Sources */ = {isa = PBXBuildFile; fileRef = 37F811071FA58ABF004AD610 /* ProfileViewController.swift */; };
		5B4C8AEAC3C694DCF2E8D6DB /* Pods_Sweeper.framework in Frameworks */ = {isa = PBXBuildFile; fileRef = B9002B9427295A5C4DB280EB /* Pods_Sweeper.framework */; };
		7C1A43141F96B6FD00E3E6E0 /* PinAnnotationView.swift in Sources */ = {isa = PBXBuildFile; fileRef = 7C1A43131F96B6FD00E3E6E0 /* PinAnnotationView.swift */; };
		7C1A43181F96C82F00E3E6E0 /* PinAnnotation.swift in Sources */ = {isa = PBXBuildFile; fileRef = 7C1A43171F96C82F00E3E6E0 /* PinAnnotation.swift */; };
		7C1A43211F994CC000E3E6E0 /* StoryboardExtension.swift in Sources */ = {isa = PBXBuildFile; fileRef = 7C1A43201F994CC000E3E6E0 /* StoryboardExtension.swift */; };
		B71D029E1F9C28240090DD9D /* Conversions.swift in Sources */ = {isa = PBXBuildFile; fileRef = B71D029D1F9C28240090DD9D /* Conversions.swift */; };
		B71D02A01F9C2F740090DD9D /* ScavengerHunt.swift in Sources */ = {isa = PBXBuildFile; fileRef = B71D029F1F9C2F740090DD9D /* ScavengerHunt.swift */; };
		B71D02A21F9C54770090DD9D /* SHNavigationViewController.swift in Sources */ = {isa = PBXBuildFile; fileRef = B71D02A11F9C54770090DD9D /* SHNavigationViewController.swift */; };
		B71D02A41F9C7AE20090DD9D /* PinOverviewCell.swift in Sources */ = {isa = PBXBuildFile; fileRef = B71D02A31F9C7AE20090DD9D /* PinOverviewCell.swift */; };
		B71F5AF01FA529ED009B0E60 /* DialogBox.swift in Sources */ = {isa = PBXBuildFile; fileRef = B71F5AEF1FA529ED009B0E60 /* DialogBox.swift */; };
		B7286D671F99C83300CD9C0E /* ScavengerHunt.storyboard in Resources */ = {isa = PBXBuildFile; fileRef = B7286D661F99C83300CD9C0E /* ScavengerHunt.storyboard */; };
		B7286D691F99CA1C00CD9C0E /* SHGenerateViewController.swift in Sources */ = {isa = PBXBuildFile; fileRef = B7286D681F99CA1C00CD9C0E /* SHGenerateViewController.swift */; };
		B763C3561F931F2700DA8311 /* AWSConstants.swift in Sources */ = {isa = PBXBuildFile; fileRef = B763C3551F931F2700DA8311 /* AWSConstants.swift */; };
		B763C3581F9322C500DA8311 /* StringExtension.swift in Sources */ = {isa = PBXBuildFile; fileRef = B763C3571F9322C500DA8311 /* StringExtension.swift */; };
		B763C35D1F932DD600DA8311 /* UIViewExtension.swift in Sources */ = {isa = PBXBuildFile; fileRef = B763C35C1F932DD600DA8311 /* UIViewExtension.swift */; };
		B76CF4091FA313B9007B08FD /* AddTagCollectionViewCell.swift in Sources */ = {isa = PBXBuildFile; fileRef = B76CF4081FA313B9007B08FD /* AddTagCollectionViewCell.swift */; };
		B77121091F9AFD50004BD7D7 /* DoubleExtension.swift in Sources */ = {isa = PBXBuildFile; fileRef = B77121081F9AFD50004BD7D7 /* DoubleExtension.swift */; };
		B79291FB1F91CD0100069144 /* CreatePin.storyboard in Resources */ = {isa = PBXBuildFile; fileRef = B79291FA1F91CD0100069144 /* CreatePin.storyboard */; };
		B79291FE1F91CE7400069144 /* CreatePinViewController.swift in Sources */ = {isa = PBXBuildFile; fileRef = B79291FD1F91CE7400069144 /* CreatePinViewController.swift */; };
		B7B862371F91E6AD00FB2F1E /* LocationBanner.xib in Resources */ = {isa = PBXBuildFile; fileRef = B7B862361F91E6AD00FB2F1E /* LocationBanner.xib */; };
		B7B862391F91E6B900FB2F1E /* LocationBanner.swift in Sources */ = {isa = PBXBuildFile; fileRef = B7B862381F91E6B900FB2F1E /* LocationBanner.swift */; };
		B7D83FEA1FA709BE00F5EB97 /* FullScreenImageViewController.swift in Sources */ = {isa = PBXBuildFile; fileRef = B7D83FE91FA709BE00F5EB97 /* FullScreenImageViewController.swift */; };
		B7DE45DE1F9B0BFF00F2472F /* SegmentControlViewCell.swift in Sources */ = {isa = PBXBuildFile; fileRef = B7DE45DD1F9B0BFF00F2472F /* SegmentControlViewCell.swift */; };
		B7DE45E01F9B214A00F2472F /* TagSelectorViewController.swift in Sources */ = {isa = PBXBuildFile; fileRef = B7DE45DF1F9B214A00F2472F /* TagSelectorViewController.swift */; };
		B7DE45E21F9B2D4A00F2472F /* TagSelectorCell.swift in Sources */ = {isa = PBXBuildFile; fileRef = B7DE45E11F9B2D4A00F2472F /* TagSelectorCell.swift */; };
		B7DE45E41F9BE03C00F2472F /* TagSelectedCollectionCell.swift in Sources */ = {isa = PBXBuildFile; fileRef = B7DE45E31F9BE03C00F2472F /* TagSelectedCollectionCell.swift */; };
		B7DE45E81F9BFB0300F2472F /* InfiniteScrollActivityView.swift in Sources */ = {isa = PBXBuildFile; fileRef = B7DE45E71F9BFB0300F2472F /* InfiniteScrollActivityView.swift */; };
		B7E1C73F1FA01FAF00DB0CCE /* UserLocationButton.swift in Sources */ = {isa = PBXBuildFile; fileRef = B7E1C73E1FA01FAF00DB0CCE /* UserLocationButton.swift */; };
		B7E83F231F92AFFA00FA9D88 /* Location.swift in Sources */ = {isa = PBXBuildFile; fileRef = B7E83F221F92AFFA00FA9D88 /* Location.swift */; };
		B7E83F261F92EA9000FA9D88 /* AWSS3Service.swift in Sources */ = {isa = PBXBuildFile; fileRef = B7E83F251F92EA9000FA9D88 /* AWSS3Service.swift */; };
		B7EBCA121F94331B00D5795D /* ViewedPin.swift in Sources */ = {isa = PBXBuildFile; fileRef = B7EBCA111F94331B00D5795D /* ViewedPin.swift */; };
		B7ED508B1FA54BBA00B7D61B /* Lato-Black.ttf in Resources */ = {isa = PBXBuildFile; fileRef = B7ED50771FA54A9400B7D61B /* Lato-Black.ttf */; };
		B7ED508C1FA54BBA00B7D61B /* Lato-BlackItalic.ttf in Resources */ = {isa = PBXBuildFile; fileRef = B7ED50781FA54A9400B7D61B /* Lato-BlackItalic.ttf */; };
		B7ED508D1FA54BBA00B7D61B /* Lato-Bold.ttf in Resources */ = {isa = PBXBuildFile; fileRef = B7ED50791FA54A9400B7D61B /* Lato-Bold.ttf */; };
		B7ED508E1FA54BBA00B7D61B /* Lato-BoldItalic.ttf in Resources */ = {isa = PBXBuildFile; fileRef = B7ED507A1FA54A9400B7D61B /* Lato-BoldItalic.ttf */; };
		B7ED508F1FA54BBA00B7D61B /* Lato-Hairline.ttf in Resources */ = {isa = PBXBuildFile; fileRef = B7ED507B1FA54A9400B7D61B /* Lato-Hairline.ttf */; };
		B7ED50901FA54BBA00B7D61B /* Lato-HairlineItalic.ttf in Resources */ = {isa = PBXBuildFile; fileRef = B7ED507C1FA54A9400B7D61B /* Lato-HairlineItalic.ttf */; };
		B7ED50911FA54BBA00B7D61B /* Lato-Heavy.ttf in Resources */ = {isa = PBXBuildFile; fileRef = B7ED507D1FA54A9400B7D61B /* Lato-Heavy.ttf */; };
		B7ED50921FA54BBA00B7D61B /* Lato-HeavyItalic.ttf in Resources */ = {isa = PBXBuildFile; fileRef = B7ED507E1FA54A9400B7D61B /* Lato-HeavyItalic.ttf */; };
		B7ED50931FA54BBA00B7D61B /* Lato-Italic.ttf in Resources */ = {isa = PBXBuildFile; fileRef = B7ED507F1FA54A9400B7D61B /* Lato-Italic.ttf */; };
		B7ED50941FA54BBA00B7D61B /* Lato-Light.ttf in Resources */ = {isa = PBXBuildFile; fileRef = B7ED50801FA54A9400B7D61B /* Lato-Light.ttf */; };
		B7ED50951FA54BBA00B7D61B /* Lato-LightItalic.ttf in Resources */ = {isa = PBXBuildFile; fileRef = B7ED50811FA54A9400B7D61B /* Lato-LightItalic.ttf */; };
		B7ED50961FA54BBA00B7D61B /* Lato-Medium.ttf in Resources */ = {isa = PBXBuildFile; fileRef = B7ED50821FA54A9400B7D61B /* Lato-Medium.ttf */; };
		B7ED50971FA54BBA00B7D61B /* Lato-MediumItalic.ttf in Resources */ = {isa = PBXBuildFile; fileRef = B7ED50831FA54A9400B7D61B /* Lato-MediumItalic.ttf */; };
		B7ED50981FA54BBA00B7D61B /* Lato-Regular.ttf in Resources */ = {isa = PBXBuildFile; fileRef = B7ED50841FA54A9400B7D61B /* Lato-Regular.ttf */; };
		B7ED50991FA54BBA00B7D61B /* Lato-Semibold.ttf in Resources */ = {isa = PBXBuildFile; fileRef = B7ED50851FA54A9400B7D61B /* Lato-Semibold.ttf */; };
		B7ED509A1FA54BBA00B7D61B /* Lato-SemiboldItalic.ttf in Resources */ = {isa = PBXBuildFile; fileRef = B7ED50861FA54A9400B7D61B /* Lato-SemiboldItalic.ttf */; };
		B7ED509B1FA54BBA00B7D61B /* Lato-Thin.ttf in Resources */ = {isa = PBXBuildFile; fileRef = B7ED50871FA54A9400B7D61B /* Lato-Thin.ttf */; };
		B7ED509C1FA54BBA00B7D61B /* Lato-ThinItalic.ttf in Resources */ = {isa = PBXBuildFile; fileRef = B7ED50881FA54A9400B7D61B /* Lato-ThinItalic.ttf */; };
		B96D35211F99B32F00BC6CBF /* PinDetailsCard.swift in Sources */ = {isa = PBXBuildFile; fileRef = B96D35201F99B32F00BC6CBF /* PinDetailsCard.swift */; };
		B96D35231F99B33A00BC6CBF /* PinDetailsCard.xib in Resources */ = {isa = PBXBuildFile; fileRef = B96D35221F99B33A00BC6CBF /* PinDetailsCard.xib */; };
		B96D35271F99D03700BC6CBF /* PinCommentCell.swift in Sources */ = {isa = PBXBuildFile; fileRef = B96D35251F99D03700BC6CBF /* PinCommentCell.swift */; };
		B96D35281F99D03700BC6CBF /* PinCommentCell.xib in Resources */ = {isa = PBXBuildFile; fileRef = B96D35261F99D03700BC6CBF /* PinCommentCell.xib */; };
		B96D352A1F9AFEA600BC6CBF /* PinComment.swift in Sources */ = {isa = PBXBuildFile; fileRef = B96D35291F9AFEA600BC6CBF /* PinComment.swift */; };
		B96D352C1F9B006900BC6CBF /* PinComment.storyboard in Resources */ = {isa = PBXBuildFile; fileRef = B96D352B1F9B006900BC6CBF /* PinComment.storyboard */; };
		B96D352E1F9B008E00BC6CBF /* PinCommentViewController.swift in Sources */ = {isa = PBXBuildFile; fileRef = B96D352D1F9B008E00BC6CBF /* PinCommentViewController.swift */; };
		B96D35311F9B039000BC6CBF /* FancyTextView.swift in Sources */ = {isa = PBXBuildFile; fileRef = B96D35301F9B039000BC6CBF /* FancyTextView.swift */; };
		B96D35331F9B039A00BC6CBF /* FancyTextView.xib in Resources */ = {isa = PBXBuildFile; fileRef = B96D35321F9B039A00BC6CBF /* FancyTextView.xib */; };
		B9784BC41F9B240E009BDF14 /* PinActionsView.xib in Resources */ = {isa = PBXBuildFile; fileRef = B9784BC31F9B240D009BDF14 /* PinActionsView.xib */; };
		B9784BC61F9B2419009BDF14 /* PinActionsView.swift in Sources */ = {isa = PBXBuildFile; fileRef = B9784BC51F9B2419009BDF14 /* PinActionsView.swift */; };
		B98C87341F9D548700F078BB /* SignUpViewController.swift in Sources */ = {isa = PBXBuildFile; fileRef = B98C87331F9D548600F078BB /* SignUpViewController.swift */; };
		B9BC3F1B1FA0345D00D4CC7A /* PinCell.xib in Resources */ = {isa = PBXBuildFile; fileRef = B9BC3F191FA0345D00D4CC7A /* PinCell.xib */; };
		B9BC3F1D1FA0481200D4CC7A /* PinLike.swift in Sources */ = {isa = PBXBuildFile; fileRef = B9BC3F1C1FA0481200D4CC7A /* PinLike.swift */; };
		B9CB3CF11F9056060023EA79 /* AppDelegate.swift in Sources */ = {isa = PBXBuildFile; fileRef = B9CB3CF01F9056060023EA79 /* AppDelegate.swift */; };
		B9CB3CF61F9056060023EA79 /* Login.storyboard in Resources */ = {isa = PBXBuildFile; fileRef = B9CB3CF41F9056060023EA79 /* Login.storyboard */; };
		B9CB3CF81F9056060023EA79 /* Assets.xcassets in Resources */ = {isa = PBXBuildFile; fileRef = B9CB3CF71F9056060023EA79 /* Assets.xcassets */; };
		B9CB3CFB1F9056060023EA79 /* LaunchScreen.storyboard in Resources */ = {isa = PBXBuildFile; fileRef = B9CB3CF91F9056060023EA79 /* LaunchScreen.storyboard */; };
		B9CB3D071F9056720023EA79 /* LoginViewController.swift in Sources */ = {isa = PBXBuildFile; fileRef = B9CB3D061F9056720023EA79 /* LoginViewController.swift */; };
		B9CB3D151F90B5620023EA79 /* FancyTextField.xib in Resources */ = {isa = PBXBuildFile; fileRef = B9CB3D141F90B5620023EA79 /* FancyTextField.xib */; };
		B9CB3D171F90B57C0023EA79 /* FancyTextField.swift in Sources */ = {isa = PBXBuildFile; fileRef = B9CB3D161F90B57C0023EA79 /* FancyTextField.swift */; };
		B9CB3D1A1F90C8BF0023EA79 /* UIConstants.swift in Sources */ = {isa = PBXBuildFile; fileRef = B9CB3D191F90C8BF0023EA79 /* UIConstants.swift */; };
		B9CB3D1C1F91D1780023EA79 /* Home.storyboard in Resources */ = {isa = PBXBuildFile; fileRef = B9CB3D1B1F91D1780023EA79 /* Home.storyboard */; };
		B9CB3D201F91E8200023EA79 /* KeyboardNotification.swift in Sources */ = {isa = PBXBuildFile; fileRef = B9CB3D1F1F91E8200023EA79 /* KeyboardNotification.swift */; };
		B9CB3D261F92C6170023EA79 /* PinDetails.storyboard in Resources */ = {isa = PBXBuildFile; fileRef = B9CB3D251F92C6170023EA79 /* PinDetails.storyboard */; };
		B9CB3D281F92C6970023EA79 /* PinDetailsViewController.swift in Sources */ = {isa = PBXBuildFile; fileRef = B9CB3D271F92C6970023EA79 /* PinDetailsViewController.swift */; };
		B9CB3D2E1F94143B0023EA79 /* ProfileView.xib in Resources */ = {isa = PBXBuildFile; fileRef = B9CB3D2D1F94143B0023EA79 /* ProfileView.xib */; };
		B9CB3D301F94144B0023EA79 /* ProfileView.swift in Sources */ = {isa = PBXBuildFile; fileRef = B9CB3D2F1F94144B0023EA79 /* ProfileView.swift */; };
		B9CB3D321F9425FA0023EA79 /* ImageUtils.swift in Sources */ = {isa = PBXBuildFile; fileRef = B9CB3D311F9425FA0023EA79 /* ImageUtils.swift */; };
		B9E7BF821F9C2BDA0063973C /* PinsMapViewController.swift in Sources */ = {isa = PBXBuildFile; fileRef = B9CB3D1D1F91D5AE0023EA79 /* PinsMapViewController.swift */; };
/* End PBXBuildFile section */

/* Begin PBXFileReference section */
		1D859EDDB4E56A4A4F927E7C /* Pods-Sweeper.debug.xcconfig */ = {isa = PBXFileReference; includeInIndex = 1; lastKnownFileType = text.xcconfig; name = "Pods-Sweeper.debug.xcconfig"; path = "Pods/Target Support Files/Pods-Sweeper/Pods-Sweeper.debug.xcconfig"; sourceTree = "<group>"; };
		374C23E71F91BDA5000C0ECE /* Pin.swift */ = {isa = PBXFileReference; lastKnownFileType = sourcecode.swift; name = Pin.swift; path = Sweeper/Models/Pin.swift; sourceTree = SOURCE_ROOT; };
		374C23E91F91BDAE000C0ECE /* User.swift */ = {isa = PBXFileReference; lastKnownFileType = sourcecode.swift; name = User.swift; path = Sweeper/Models/User.swift; sourceTree = SOURCE_ROOT; };
		375A65811FA65C4800B3C952 /* ProfileHeader.xib */ = {isa = PBXFileReference; lastKnownFileType = file.xib; path = ProfileHeader.xib; sourceTree = "<group>"; };
		375A65831FA65C6800B3C952 /* CollectionViewPinCell.xib */ = {isa = PBXFileReference; lastKnownFileType = file.xib; path = CollectionViewPinCell.xib; sourceTree = "<group>"; };
		3771ABBE1FA1A33A00A06F17 /* PinCalloutView.swift */ = {isa = PBXFileReference; lastKnownFileType = sourcecode.swift; path = PinCalloutView.swift; sourceTree = "<group>"; };
		3771ABC31FA1AA0300A06F17 /* CustomPinCalloutView.xib */ = {isa = PBXFileReference; lastKnownFileType = file.xib; path = CustomPinCalloutView.xib; sourceTree = "<group>"; };
		3771ABC51FA2CFDC00A06F17 /* CustomPinCalloutView.swift */ = {isa = PBXFileReference; lastKnownFileType = sourcecode.swift; path = CustomPinCalloutView.swift; sourceTree = "<group>"; };
		37731EC81F92BE5F009E0603 /* PinService.swift */ = {isa = PBXFileReference; lastKnownFileType = sourcecode.swift; path = PinService.swift; sourceTree = "<group>"; };
		37731ECA1F92BE6D009E0603 /* UserService.swift */ = {isa = PBXFileReference; lastKnownFileType = sourcecode.swift; path = UserService.swift; sourceTree = "<group>"; };
		37731ECC1F92C093009E0603 /* AppService.swift */ = {isa = PBXFileReference; lastKnownFileType = sourcecode.swift; path = AppService.swift; sourceTree = "<group>"; };
		377DAA711F9D9AB100C7143A /* HomeViewController.swift */ = {isa = PBXFileReference; lastKnownFileType = sourcecode.swift; path = HomeViewController.swift; sourceTree = "<group>"; };
		377DAA731F9DB94E00C7143A /* EditProfileViewController.swift */ = {isa = PBXFileReference; lastKnownFileType = sourcecode.swift; path = EditProfileViewController.swift; sourceTree = "<group>"; };
		3786F8471F94071D0009F05B /* Tag.swift */ = {isa = PBXFileReference; lastKnownFileType = sourcecode.swift; path = Tag.swift; sourceTree = "<group>"; };
		3786F8491F9414120009F05B /* TagService.swift */ = {isa = PBXFileReference; lastKnownFileType = sourcecode.swift; path = TagService.swift; sourceTree = "<group>"; };
		37B4E2521F99B9440090B168 /* PinsListViewController.swift */ = {isa = PBXFileReference; lastKnownFileType = sourcecode.swift; path = PinsListViewController.swift; sourceTree = "<group>"; };
		37B4E2541F99C6AA0090B168 /* PinCell.swift */ = {isa = PBXFileReference; lastKnownFileType = sourcecode.swift; path = PinCell.swift; sourceTree = "<group>"; };
		37D2A0D21F9F126200273B20 /* CollectionViewPinCell.swift */ = {isa = PBXFileReference; lastKnownFileType = sourcecode.swift; path = CollectionViewPinCell.swift; sourceTree = "<group>"; };
		37F14EC81FA6671400D1F8D9 /* ProfileHeader.swift */ = {isa = PBXFileReference; fileEncoding = 4; lastKnownFileType = sourcecode.swift; path = ProfileHeader.swift; sourceTree = "<group>"; };
		37F3FA6A1F9B16A300287F61 /* Time.swift */ = {isa = PBXFileReference; lastKnownFileType = sourcecode.swift; path = Time.swift; sourceTree = "<group>"; };
		37F3FA6F1F9C29C100287F61 /* Profile.storyboard */ = {isa = PBXFileReference; lastKnownFileType = file.storyboard; path = Profile.storyboard; sourceTree = "<group>"; };
		37F3FA711F9C29E200287F61 /* ViewedPins.storyboard */ = {isa = PBXFileReference; lastKnownFileType = file.storyboard; path = ViewedPins.storyboard; sourceTree = "<group>"; };
		37F3FA751F9C2AEB00287F61 /* ViewedPinsViewController.swift */ = {isa = PBXFileReference; lastKnownFileType = sourcecode.swift; path = ViewedPinsViewController.swift; sourceTree = "<group>"; };
		37F3FA7E1F9D5DBC00287F61 /* TabBar.storyboard */ = {isa = PBXFileReference; lastKnownFileType = file.storyboard; path = TabBar.storyboard; sourceTree = "<group>"; };
		37F3FA801F9D603400287F61 /* TabBarViewController.swift */ = {isa = PBXFileReference; lastKnownFileType = sourcecode.swift; path = TabBarViewController.swift; sourceTree = "<group>"; };
		37F811071FA58ABF004AD610 /* ProfileViewController.swift */ = {isa = PBXFileReference; lastKnownFileType = sourcecode.swift; path = ProfileViewController.swift; sourceTree = "<group>"; };
		7C1A43131F96B6FD00E3E6E0 /* PinAnnotationView.swift */ = {isa = PBXFileReference; lastKnownFileType = sourcecode.swift; path = PinAnnotationView.swift; sourceTree = "<group>"; };
		7C1A43171F96C82F00E3E6E0 /* PinAnnotation.swift */ = {isa = PBXFileReference; lastKnownFileType = sourcecode.swift; path = PinAnnotation.swift; sourceTree = "<group>"; };
		7C1A43201F994CC000E3E6E0 /* StoryboardExtension.swift */ = {isa = PBXFileReference; lastKnownFileType = sourcecode.swift; path = StoryboardExtension.swift; sourceTree = "<group>"; };
		8770897BBAA32FD84972558F /* Pods-Sweeper.release.xcconfig */ = {isa = PBXFileReference; includeInIndex = 1; lastKnownFileType = text.xcconfig; name = "Pods-Sweeper.release.xcconfig"; path = "Pods/Target Support Files/Pods-Sweeper/Pods-Sweeper.release.xcconfig"; sourceTree = "<group>"; };
		B71D029D1F9C28240090DD9D /* Conversions.swift */ = {isa = PBXFileReference; lastKnownFileType = sourcecode.swift; path = Conversions.swift; sourceTree = "<group>"; };
		B71D029F1F9C2F740090DD9D /* ScavengerHunt.swift */ = {isa = PBXFileReference; lastKnownFileType = sourcecode.swift; path = ScavengerHunt.swift; sourceTree = "<group>"; };
		B71D02A11F9C54770090DD9D /* SHNavigationViewController.swift */ = {isa = PBXFileReference; lastKnownFileType = sourcecode.swift; path = SHNavigationViewController.swift; sourceTree = "<group>"; };
		B71D02A31F9C7AE20090DD9D /* PinOverviewCell.swift */ = {isa = PBXFileReference; lastKnownFileType = sourcecode.swift; path = PinOverviewCell.swift; sourceTree = "<group>"; };
		B71F5AEF1FA529ED009B0E60 /* DialogBox.swift */ = {isa = PBXFileReference; lastKnownFileType = sourcecode.swift; path = DialogBox.swift; sourceTree = "<group>"; };
		B7286D661F99C83300CD9C0E /* ScavengerHunt.storyboard */ = {isa = PBXFileReference; lastKnownFileType = file.storyboard; path = ScavengerHunt.storyboard; sourceTree = "<group>"; };
		B7286D681F99CA1C00CD9C0E /* SHGenerateViewController.swift */ = {isa = PBXFileReference; lastKnownFileType = sourcecode.swift; path = SHGenerateViewController.swift; sourceTree = "<group>"; };
		B763C3551F931F2700DA8311 /* AWSConstants.swift */ = {isa = PBXFileReference; lastKnownFileType = sourcecode.swift; path = AWSConstants.swift; sourceTree = "<group>"; };
		B763C3571F9322C500DA8311 /* StringExtension.swift */ = {isa = PBXFileReference; lastKnownFileType = sourcecode.swift; path = StringExtension.swift; sourceTree = "<group>"; };
		B763C35C1F932DD600DA8311 /* UIViewExtension.swift */ = {isa = PBXFileReference; lastKnownFileType = sourcecode.swift; path = UIViewExtension.swift; sourceTree = "<group>"; };
		B76CF4081FA313B9007B08FD /* AddTagCollectionViewCell.swift */ = {isa = PBXFileReference; lastKnownFileType = sourcecode.swift; path = AddTagCollectionViewCell.swift; sourceTree = "<group>"; };
		B77121081F9AFD50004BD7D7 /* DoubleExtension.swift */ = {isa = PBXFileReference; lastKnownFileType = sourcecode.swift; path = DoubleExtension.swift; sourceTree = "<group>"; };
		B79291FA1F91CD0100069144 /* CreatePin.storyboard */ = {isa = PBXFileReference; lastKnownFileType = file.storyboard; path = CreatePin.storyboard; sourceTree = "<group>"; };
		B79291FD1F91CE7400069144 /* CreatePinViewController.swift */ = {isa = PBXFileReference; lastKnownFileType = sourcecode.swift; path = CreatePinViewController.swift; sourceTree = "<group>"; };
		B7B862361F91E6AD00FB2F1E /* LocationBanner.xib */ = {isa = PBXFileReference; lastKnownFileType = file.xib; path = LocationBanner.xib; sourceTree = "<group>"; };
		B7B862381F91E6B900FB2F1E /* LocationBanner.swift */ = {isa = PBXFileReference; lastKnownFileType = sourcecode.swift; path = LocationBanner.swift; sourceTree = "<group>"; };
		B7D83FE91FA709BE00F5EB97 /* FullScreenImageViewController.swift */ = {isa = PBXFileReference; lastKnownFileType = sourcecode.swift; path = FullScreenImageViewController.swift; sourceTree = "<group>"; };
		B7DE45DD1F9B0BFF00F2472F /* SegmentControlViewCell.swift */ = {isa = PBXFileReference; lastKnownFileType = sourcecode.swift; path = SegmentControlViewCell.swift; sourceTree = "<group>"; };
		B7DE45DF1F9B214A00F2472F /* TagSelectorViewController.swift */ = {isa = PBXFileReference; lastKnownFileType = sourcecode.swift; path = TagSelectorViewController.swift; sourceTree = "<group>"; };
		B7DE45E11F9B2D4A00F2472F /* TagSelectorCell.swift */ = {isa = PBXFileReference; lastKnownFileType = sourcecode.swift; path = TagSelectorCell.swift; sourceTree = "<group>"; };
		B7DE45E31F9BE03C00F2472F /* TagSelectedCollectionCell.swift */ = {isa = PBXFileReference; lastKnownFileType = sourcecode.swift; path = TagSelectedCollectionCell.swift; sourceTree = "<group>"; };
		B7DE45E71F9BFB0300F2472F /* InfiniteScrollActivityView.swift */ = {isa = PBXFileReference; lastKnownFileType = sourcecode.swift; path = InfiniteScrollActivityView.swift; sourceTree = "<group>"; };
		B7E1C73E1FA01FAF00DB0CCE /* UserLocationButton.swift */ = {isa = PBXFileReference; lastKnownFileType = sourcecode.swift; path = UserLocationButton.swift; sourceTree = "<group>"; };
		B7E83F221F92AFFA00FA9D88 /* Location.swift */ = {isa = PBXFileReference; lastKnownFileType = sourcecode.swift; path = Location.swift; sourceTree = "<group>"; };
		B7E83F251F92EA9000FA9D88 /* AWSS3Service.swift */ = {isa = PBXFileReference; lastKnownFileType = sourcecode.swift; path = AWSS3Service.swift; sourceTree = "<group>"; };
		B7EBCA111F94331B00D5795D /* ViewedPin.swift */ = {isa = PBXFileReference; lastKnownFileType = sourcecode.swift; path = ViewedPin.swift; sourceTree = "<group>"; };
		B7ED50771FA54A9400B7D61B /* Lato-Black.ttf */ = {isa = PBXFileReference; lastKnownFileType = file; path = "Lato-Black.ttf"; sourceTree = "<group>"; };
		B7ED50781FA54A9400B7D61B /* Lato-BlackItalic.ttf */ = {isa = PBXFileReference; lastKnownFileType = file; path = "Lato-BlackItalic.ttf"; sourceTree = "<group>"; };
		B7ED50791FA54A9400B7D61B /* Lato-Bold.ttf */ = {isa = PBXFileReference; lastKnownFileType = file; path = "Lato-Bold.ttf"; sourceTree = "<group>"; };
		B7ED507A1FA54A9400B7D61B /* Lato-BoldItalic.ttf */ = {isa = PBXFileReference; lastKnownFileType = file; path = "Lato-BoldItalic.ttf"; sourceTree = "<group>"; };
		B7ED507B1FA54A9400B7D61B /* Lato-Hairline.ttf */ = {isa = PBXFileReference; lastKnownFileType = file; path = "Lato-Hairline.ttf"; sourceTree = "<group>"; };
		B7ED507C1FA54A9400B7D61B /* Lato-HairlineItalic.ttf */ = {isa = PBXFileReference; lastKnownFileType = file; path = "Lato-HairlineItalic.ttf"; sourceTree = "<group>"; };
		B7ED507D1FA54A9400B7D61B /* Lato-Heavy.ttf */ = {isa = PBXFileReference; lastKnownFileType = file; path = "Lato-Heavy.ttf"; sourceTree = "<group>"; };
		B7ED507E1FA54A9400B7D61B /* Lato-HeavyItalic.ttf */ = {isa = PBXFileReference; lastKnownFileType = file; path = "Lato-HeavyItalic.ttf"; sourceTree = "<group>"; };
		B7ED507F1FA54A9400B7D61B /* Lato-Italic.ttf */ = {isa = PBXFileReference; lastKnownFileType = file; path = "Lato-Italic.ttf"; sourceTree = "<group>"; };
		B7ED50801FA54A9400B7D61B /* Lato-Light.ttf */ = {isa = PBXFileReference; lastKnownFileType = file; path = "Lato-Light.ttf"; sourceTree = "<group>"; };
		B7ED50811FA54A9400B7D61B /* Lato-LightItalic.ttf */ = {isa = PBXFileReference; lastKnownFileType = file; path = "Lato-LightItalic.ttf"; sourceTree = "<group>"; };
		B7ED50821FA54A9400B7D61B /* Lato-Medium.ttf */ = {isa = PBXFileReference; lastKnownFileType = file; path = "Lato-Medium.ttf"; sourceTree = "<group>"; };
		B7ED50831FA54A9400B7D61B /* Lato-MediumItalic.ttf */ = {isa = PBXFileReference; lastKnownFileType = file; path = "Lato-MediumItalic.ttf"; sourceTree = "<group>"; };
		B7ED50841FA54A9400B7D61B /* Lato-Regular.ttf */ = {isa = PBXFileReference; lastKnownFileType = file; path = "Lato-Regular.ttf"; sourceTree = "<group>"; };
		B7ED50851FA54A9400B7D61B /* Lato-Semibold.ttf */ = {isa = PBXFileReference; lastKnownFileType = file; path = "Lato-Semibold.ttf"; sourceTree = "<group>"; };
		B7ED50861FA54A9400B7D61B /* Lato-SemiboldItalic.ttf */ = {isa = PBXFileReference; lastKnownFileType = file; path = "Lato-SemiboldItalic.ttf"; sourceTree = "<group>"; };
		B7ED50871FA54A9400B7D61B /* Lato-Thin.ttf */ = {isa = PBXFileReference; lastKnownFileType = file; path = "Lato-Thin.ttf"; sourceTree = "<group>"; };
		B7ED50881FA54A9400B7D61B /* Lato-ThinItalic.ttf */ = {isa = PBXFileReference; lastKnownFileType = file; path = "Lato-ThinItalic.ttf"; sourceTree = "<group>"; };
		B7ED50891FA54A9400B7D61B /* OFL.txt */ = {isa = PBXFileReference; lastKnownFileType = text; path = OFL.txt; sourceTree = "<group>"; };
		B7ED508A1FA54A9400B7D61B /* README.txt */ = {isa = PBXFileReference; lastKnownFileType = text; path = README.txt; sourceTree = "<group>"; };
		B9002B9427295A5C4DB280EB /* Pods_Sweeper.framework */ = {isa = PBXFileReference; explicitFileType = wrapper.framework; includeInIndex = 0; path = Pods_Sweeper.framework; sourceTree = BUILT_PRODUCTS_DIR; };
		B96D35201F99B32F00BC6CBF /* PinDetailsCard.swift */ = {isa = PBXFileReference; lastKnownFileType = sourcecode.swift; path = PinDetailsCard.swift; sourceTree = "<group>"; };
		B96D35221F99B33A00BC6CBF /* PinDetailsCard.xib */ = {isa = PBXFileReference; lastKnownFileType = file.xib; path = PinDetailsCard.xib; sourceTree = "<group>"; };
		B96D35251F99D03700BC6CBF /* PinCommentCell.swift */ = {isa = PBXFileReference; lastKnownFileType = sourcecode.swift; path = PinCommentCell.swift; sourceTree = "<group>"; };
		B96D35261F99D03700BC6CBF /* PinCommentCell.xib */ = {isa = PBXFileReference; lastKnownFileType = file.xib; path = PinCommentCell.xib; sourceTree = "<group>"; };
		B96D35291F9AFEA600BC6CBF /* PinComment.swift */ = {isa = PBXFileReference; lastKnownFileType = sourcecode.swift; path = PinComment.swift; sourceTree = "<group>"; };
		B96D352B1F9B006900BC6CBF /* PinComment.storyboard */ = {isa = PBXFileReference; lastKnownFileType = file.storyboard; path = PinComment.storyboard; sourceTree = "<group>"; };
		B96D352D1F9B008E00BC6CBF /* PinCommentViewController.swift */ = {isa = PBXFileReference; lastKnownFileType = sourcecode.swift; path = PinCommentViewController.swift; sourceTree = "<group>"; };
		B96D35301F9B039000BC6CBF /* FancyTextView.swift */ = {isa = PBXFileReference; lastKnownFileType = sourcecode.swift; path = FancyTextView.swift; sourceTree = "<group>"; };
		B96D35321F9B039A00BC6CBF /* FancyTextView.xib */ = {isa = PBXFileReference; lastKnownFileType = file.xib; path = FancyTextView.xib; sourceTree = "<group>"; };
		B9784BC31F9B240D009BDF14 /* PinActionsView.xib */ = {isa = PBXFileReference; lastKnownFileType = file.xib; path = PinActionsView.xib; sourceTree = "<group>"; };
		B9784BC51F9B2419009BDF14 /* PinActionsView.swift */ = {isa = PBXFileReference; lastKnownFileType = sourcecode.swift; path = PinActionsView.swift; sourceTree = "<group>"; };
		B98C87331F9D548600F078BB /* SignUpViewController.swift */ = {isa = PBXFileReference; lastKnownFileType = sourcecode.swift; path = SignUpViewController.swift; sourceTree = "<group>"; };
		B9BC3F191FA0345D00D4CC7A /* PinCell.xib */ = {isa = PBXFileReference; lastKnownFileType = file.xib; path = PinCell.xib; sourceTree = "<group>"; };
		B9BC3F1C1FA0481200D4CC7A /* PinLike.swift */ = {isa = PBXFileReference; fileEncoding = 4; lastKnownFileType = sourcecode.swift; path = PinLike.swift; sourceTree = "<group>"; };
		B9CB3CED1F9056060023EA79 /* Sweeper.app */ = {isa = PBXFileReference; explicitFileType = wrapper.application; includeInIndex = 0; path = Sweeper.app; sourceTree = BUILT_PRODUCTS_DIR; };
		B9CB3CF01F9056060023EA79 /* AppDelegate.swift */ = {isa = PBXFileReference; lastKnownFileType = sourcecode.swift; path = AppDelegate.swift; sourceTree = "<group>"; };
		B9CB3CF51F9056060023EA79 /* Base */ = {isa = PBXFileReference; lastKnownFileType = file.storyboard; name = Base; path = Base.lproj/Login.storyboard; sourceTree = "<group>"; };
		B9CB3CF71F9056060023EA79 /* Assets.xcassets */ = {isa = PBXFileReference; lastKnownFileType = folder.assetcatalog; path = Assets.xcassets; sourceTree = "<group>"; };
		B9CB3CFA1F9056060023EA79 /* Base */ = {isa = PBXFileReference; lastKnownFileType = file.storyboard; name = Base; path = Base.lproj/LaunchScreen.storyboard; sourceTree = "<group>"; };
		B9CB3CFC1F9056060023EA79 /* Info.plist */ = {isa = PBXFileReference; lastKnownFileType = text.plist.xml; path = Info.plist; sourceTree = "<group>"; };
		B9CB3D061F9056720023EA79 /* LoginViewController.swift */ = {isa = PBXFileReference; lastKnownFileType = sourcecode.swift; path = LoginViewController.swift; sourceTree = "<group>"; };
		B9CB3D141F90B5620023EA79 /* FancyTextField.xib */ = {isa = PBXFileReference; lastKnownFileType = file.xib; path = FancyTextField.xib; sourceTree = "<group>"; };
		B9CB3D161F90B57C0023EA79 /* FancyTextField.swift */ = {isa = PBXFileReference; lastKnownFileType = sourcecode.swift; path = FancyTextField.swift; sourceTree = "<group>"; };
		B9CB3D191F90C8BF0023EA79 /* UIConstants.swift */ = {isa = PBXFileReference; lastKnownFileType = sourcecode.swift; path = UIConstants.swift; sourceTree = "<group>"; };
		B9CB3D1B1F91D1780023EA79 /* Home.storyboard */ = {isa = PBXFileReference; lastKnownFileType = file.storyboard; path = Home.storyboard; sourceTree = "<group>"; };
		B9CB3D1D1F91D5AE0023EA79 /* PinsMapViewController.swift */ = {isa = PBXFileReference; lastKnownFileType = sourcecode.swift; path = PinsMapViewController.swift; sourceTree = "<group>"; };
		B9CB3D1F1F91E8200023EA79 /* KeyboardNotification.swift */ = {isa = PBXFileReference; lastKnownFileType = sourcecode.swift; path = KeyboardNotification.swift; sourceTree = "<group>"; };
		B9CB3D251F92C6170023EA79 /* PinDetails.storyboard */ = {isa = PBXFileReference; lastKnownFileType = file.storyboard; path = PinDetails.storyboard; sourceTree = "<group>"; };
		B9CB3D271F92C6970023EA79 /* PinDetailsViewController.swift */ = {isa = PBXFileReference; lastKnownFileType = sourcecode.swift; path = PinDetailsViewController.swift; sourceTree = "<group>"; };
		B9CB3D2D1F94143B0023EA79 /* ProfileView.xib */ = {isa = PBXFileReference; lastKnownFileType = file.xib; path = ProfileView.xib; sourceTree = "<group>"; };
		B9CB3D2F1F94144B0023EA79 /* ProfileView.swift */ = {isa = PBXFileReference; lastKnownFileType = sourcecode.swift; path = ProfileView.swift; sourceTree = "<group>"; };
		B9CB3D311F9425FA0023EA79 /* ImageUtils.swift */ = {isa = PBXFileReference; lastKnownFileType = sourcecode.swift; path = ImageUtils.swift; sourceTree = "<group>"; };
/* End PBXFileReference section */

/* Begin PBXFrameworksBuildPhase section */
		B9CB3CEA1F9056060023EA79 /* Frameworks */ = {
			isa = PBXFrameworksBuildPhase;
			buildActionMask = 2147483647;
			files = (
				5B4C8AEAC3C694DCF2E8D6DB /* Pods_Sweeper.framework in Frameworks */,
			);
			runOnlyForDeploymentPostprocessing = 0;
		};
/* End PBXFrameworksBuildPhase section */

/* Begin PBXGroup section */
		374C23EB1F91D082000C0ECE /* Models */ = {
			isa = PBXGroup;
			children = (
				7C1A43171F96C82F00E3E6E0 /* PinAnnotation.swift */,
				B9BC3F1C1FA0481200D4CC7A /* PinLike.swift */,
				374C23E71F91BDA5000C0ECE /* Pin.swift */,
				374C23E91F91BDAE000C0ECE /* User.swift */,
				3786F8471F94071D0009F05B /* Tag.swift */,
				B7EBCA111F94331B00D5795D /* ViewedPin.swift */,
				B71D029F1F9C2F740090DD9D /* ScavengerHunt.swift */,
				B96D35291F9AFEA600BC6CBF /* PinComment.swift */,
			);
			path = Models;
			sourceTree = "<group>";
		};
		374C23EC1F91D0A3000C0ECE /* Services */ = {
			isa = PBXGroup;
			children = (
				B7E83F251F92EA9000FA9D88 /* AWSS3Service.swift */,
				37731EC81F92BE5F009E0603 /* PinService.swift */,
				37731ECA1F92BE6D009E0603 /* UserService.swift */,
				37731ECC1F92C093009E0603 /* AppService.swift */,
				3786F8491F9414120009F05B /* TagService.swift */,
			);
			path = Services;
			sourceTree = "<group>";
		};
		375A657E1FA65BF100B3C952 /* Pin Collection View */ = {
			isa = PBXGroup;
			children = (
				375A65801FA65C2B00B3C952 /* Profile Header */,
				375A657F1FA65C2600B3C952 /* Cell */,
			);
			path = "Pin Collection View";
			sourceTree = "<group>";
		};
		375A657F1FA65C2600B3C952 /* Cell */ = {
			isa = PBXGroup;
			children = (
				37D2A0D21F9F126200273B20 /* CollectionViewPinCell.swift */,
				375A65831FA65C6800B3C952 /* CollectionViewPinCell.xib */,
			);
			path = Cell;
			sourceTree = "<group>";
		};
		375A65801FA65C2B00B3C952 /* Profile Header */ = {
			isa = PBXGroup;
			children = (
				37F14EC81FA6671400D1F8D9 /* ProfileHeader.swift */,
				375A65811FA65C4800B3C952 /* ProfileHeader.xib */,
			);
			path = "Profile Header";
			sourceTree = "<group>";
		};
		3771ABC01FA1A34700A06F17 /* Map Annotations */ = {
			isa = PBXGroup;
			children = (
				7C1A43131F96B6FD00E3E6E0 /* PinAnnotationView.swift */,
				3771ABBE1FA1A33A00A06F17 /* PinCalloutView.swift */,
				3771ABC31FA1AA0300A06F17 /* CustomPinCalloutView.xib */,
				3771ABC51FA2CFDC00A06F17 /* CustomPinCalloutView.swift */,
			);
			path = "Map Annotations";
			sourceTree = "<group>";
		};
		37F811091FA58E27004AD610 /* Home */ = {
			isa = PBXGroup;
			children = (
				377DAA711F9D9AB100C7143A /* HomeViewController.swift */,
				B9CB3D1D1F91D5AE0023EA79 /* PinsMapViewController.swift */,
				37B4E2521F99B9440090B168 /* PinsListViewController.swift */,
			);
			path = Home;
			sourceTree = "<group>";
		};
		37F8110A1FA58E30004AD610 /* Login-Signup */ = {
			isa = PBXGroup;
			children = (
				B9CB3D061F9056720023EA79 /* LoginViewController.swift */,
				B98C87331F9D548600F078BB /* SignUpViewController.swift */,
			);
			path = "Login-Signup";
			sourceTree = "<group>";
		};
		37F8110B1FA58E7D004AD610 /* Scavenger Hunt */ = {
			isa = PBXGroup;
			children = (
				B7286D681F99CA1C00CD9C0E /* SHGenerateViewController.swift */,
				B71D02A11F9C54770090DD9D /* SHNavigationViewController.swift */,
			);
			path = "Scavenger Hunt";
			sourceTree = "<group>";
		};
		37F8110C1FA58EC3004AD610 /* Widgets */ = {
			isa = PBXGroup;
			children = (
				B9CB3D271F92C6970023EA79 /* PinDetailsViewController.swift */,
				B7DE45DF1F9B214A00F2472F /* TagSelectorViewController.swift */,
				B96D352D1F9B008E00BC6CBF /* PinCommentViewController.swift */,
				B7D83FE91FA709BE00F5EB97 /* FullScreenImageViewController.swift */,
			);
			path = Widgets;
			sourceTree = "<group>";
		};
		37F8110D1FA58EEA004AD610 /* Profile */ = {
			isa = PBXGroup;
			children = (
				377DAA731F9DB94E00C7143A /* EditProfileViewController.swift */,
				37F811071FA58ABF004AD610 /* ProfileViewController.swift */,
			);
			path = Profile;
			sourceTree = "<group>";
		};
		37F8110E1FA58F1C004AD610 /* Create Pin */ = {
			isa = PBXGroup;
			children = (
				B79291FD1F91CE7400069144 /* CreatePinViewController.swift */,
			);
			path = "Create Pin";
			sourceTree = "<group>";
		};
		37F8110F1FA58F6B004AD610 /* Tab Bar */ = {
			isa = PBXGroup;
			children = (
				37F3FA801F9D603400287F61 /* TabBarViewController.swift */,
			);
			path = "Tab Bar";
			sourceTree = "<group>";
		};
		37F811101FA58F8B004AD610 /* Viewed Pins */ = {
			isa = PBXGroup;
			children = (
				37F3FA751F9C2AEB00287F61 /* ViewedPinsViewController.swift */,
			);
			path = "Viewed Pins";
			sourceTree = "<group>";
		};
		766016692BDDF89522F0D054 /* Pods */ = {
			isa = PBXGroup;
			children = (
				1D859EDDB4E56A4A4F927E7C /* Pods-Sweeper.debug.xcconfig */,
				8770897BBAA32FD84972558F /* Pods-Sweeper.release.xcconfig */,
			);
			name = Pods;
			sourceTree = "<group>";
		};
		898DB3B8409D91EC3B4A99A1 /* Frameworks */ = {
			isa = PBXGroup;
			children = (
				B9002B9427295A5C4DB280EB /* Pods_Sweeper.framework */,
			);
			name = Frameworks;
			sourceTree = "<group>";
		};
		B763C35B1F932DBB00DA8311 /* Extensions */ = {
			isa = PBXGroup;
			children = (
				B763C3571F9322C500DA8311 /* StringExtension.swift */,
				B763C35C1F932DD600DA8311 /* UIViewExtension.swift */,
				7C1A43201F994CC000E3E6E0 /* StoryboardExtension.swift */,
				B77121081F9AFD50004BD7D7 /* DoubleExtension.swift */,
			);
			path = Extensions;
			sourceTree = "<group>";
		};
		B79291FC1F91CD0700069144 /* Storyboards */ = {
			isa = PBXGroup;
			children = (
				37F3FA7E1F9D5DBC00287F61 /* TabBar.storyboard */,
				B9CB3CF41F9056060023EA79 /* Login.storyboard */,
				B9CB3D1B1F91D1780023EA79 /* Home.storyboard */,
				B7286D661F99C83300CD9C0E /* ScavengerHunt.storyboard */,
				B9CB3D251F92C6170023EA79 /* PinDetails.storyboard */,
				B96D352B1F9B006900BC6CBF /* PinComment.storyboard */,
				B79291FA1F91CD0100069144 /* CreatePin.storyboard */,
				37F3FA711F9C29E200287F61 /* ViewedPins.storyboard */,
				37F3FA6F1F9C29C100287F61 /* Profile.storyboard */,
			);
			path = Storyboards;
			sourceTree = "<group>";
		};
		B7B862351F91E69400FB2F1E /* LocationBanner */ = {
			isa = PBXGroup;
			children = (
				B7B862381F91E6B900FB2F1E /* LocationBanner.swift */,
				B7B862361F91E6AD00FB2F1E /* LocationBanner.xib */,
			);
			path = LocationBanner;
			sourceTree = "<group>";
		};
		B7ED50761FA54A9400B7D61B /* Fonts */ = {
			isa = PBXGroup;
			children = (
				B7ED50771FA54A9400B7D61B /* Lato-Black.ttf */,
				B7ED50781FA54A9400B7D61B /* Lato-BlackItalic.ttf */,
				B7ED50791FA54A9400B7D61B /* Lato-Bold.ttf */,
				B7ED507A1FA54A9400B7D61B /* Lato-BoldItalic.ttf */,
				B7ED507B1FA54A9400B7D61B /* Lato-Hairline.ttf */,
				B7ED507C1FA54A9400B7D61B /* Lato-HairlineItalic.ttf */,
				B7ED507D1FA54A9400B7D61B /* Lato-Heavy.ttf */,
				B7ED507E1FA54A9400B7D61B /* Lato-HeavyItalic.ttf */,
				B7ED507F1FA54A9400B7D61B /* Lato-Italic.ttf */,
				B7ED50801FA54A9400B7D61B /* Lato-Light.ttf */,
				B7ED50811FA54A9400B7D61B /* Lato-LightItalic.ttf */,
				B7ED50821FA54A9400B7D61B /* Lato-Medium.ttf */,
				B7ED50831FA54A9400B7D61B /* Lato-MediumItalic.ttf */,
				B7ED50841FA54A9400B7D61B /* Lato-Regular.ttf */,
				B7ED50851FA54A9400B7D61B /* Lato-Semibold.ttf */,
				B7ED50861FA54A9400B7D61B /* Lato-SemiboldItalic.ttf */,
				B7ED50871FA54A9400B7D61B /* Lato-Thin.ttf */,
				B7ED50881FA54A9400B7D61B /* Lato-ThinItalic.ttf */,
				B7ED50891FA54A9400B7D61B /* OFL.txt */,
				B7ED508A1FA54A9400B7D61B /* README.txt */,
			);
			path = Fonts;
			sourceTree = "<group>";
		};
		B96D35241F99CAEF00BC6CBF /* PinCommentCell */ = {
			isa = PBXGroup;
			children = (
				B96D35251F99D03700BC6CBF /* PinCommentCell.swift */,
				B96D35261F99D03700BC6CBF /* PinCommentCell.xib */,
			);
			path = PinCommentCell;
			sourceTree = "<group>";
		};
		B96D352F1F9B036F00BC6CBF /* FancyTextView */ = {
			isa = PBXGroup;
			children = (
				B96D35301F9B039000BC6CBF /* FancyTextView.swift */,
				B96D35321F9B039A00BC6CBF /* FancyTextView.xib */,
			);
			path = FancyTextView;
			sourceTree = "<group>";
		};
		B9784BC11F9B2194009BDF14 /* PinDetailsCard */ = {
			isa = PBXGroup;
			children = (
				B96D35201F99B32F00BC6CBF /* PinDetailsCard.swift */,
				B96D35221F99B33A00BC6CBF /* PinDetailsCard.xib */,
			);
			path = PinDetailsCard;
			sourceTree = "<group>";
		};
		B9784BC21F9B23F6009BDF14 /* PinActions */ = {
			isa = PBXGroup;
			children = (
				B9784BC51F9B2419009BDF14 /* PinActionsView.swift */,
				B9784BC31F9B240D009BDF14 /* PinActionsView.xib */,
			);
			path = PinActions;
			sourceTree = "<group>";
		};
		B9BC3F151FA0339D00D4CC7A /* PinCell */ = {
			isa = PBXGroup;
			children = (
				37B4E2541F99C6AA0090B168 /* PinCell.swift */,
				B9BC3F191FA0345D00D4CC7A /* PinCell.xib */,
			);
			path = PinCell;
			sourceTree = "<group>";
		};
		B9CB3CE41F9056060023EA79 = {
			isa = PBXGroup;
			children = (
				B9CB3CEF1F9056060023EA79 /* Sweeper */,
				B9CB3CEE1F9056060023EA79 /* Products */,
				766016692BDDF89522F0D054 /* Pods */,
				898DB3B8409D91EC3B4A99A1 /* Frameworks */,
			);
			sourceTree = "<group>";
		};
		B9CB3CEE1F9056060023EA79 /* Products */ = {
			isa = PBXGroup;
			children = (
				B9CB3CED1F9056060023EA79 /* Sweeper.app */,
			);
			name = Products;
			sourceTree = "<group>";
		};
		B9CB3CEF1F9056060023EA79 /* Sweeper */ = {
			isa = PBXGroup;
			children = (
				B7ED50761FA54A9400B7D61B /* Fonts */,
				B763C35B1F932DBB00DA8311 /* Extensions */,
				B79291FC1F91CD0700069144 /* Storyboards */,
				B9CB3D181F90C8B30023EA79 /* Utils */,
				B9CB3D051F9056500023EA79 /* Views */,
				B9CB3D031F90563E0023EA79 /* View Controllers */,
				374C23EC1F91D0A3000C0ECE /* Services */,
				374C23EB1F91D082000C0ECE /* Models */,
				B9CB3CF01F9056060023EA79 /* AppDelegate.swift */,
				B9CB3CF71F9056060023EA79 /* Assets.xcassets */,
				B9CB3CF91F9056060023EA79 /* LaunchScreen.storyboard */,
				B9CB3CFC1F9056060023EA79 /* Info.plist */,
			);
			path = Sweeper;
			sourceTree = "<group>";
		};
		B9CB3D031F90563E0023EA79 /* View Controllers */ = {
			isa = PBXGroup;
			children = (
				37F8110F1FA58F6B004AD610 /* Tab Bar */,
				37F8110A1FA58E30004AD610 /* Login-Signup */,
				37F811091FA58E27004AD610 /* Home */,
				37F8110B1FA58E7D004AD610 /* Scavenger Hunt */,
				37F8110E1FA58F1C004AD610 /* Create Pin */,
				37F811101FA58F8B004AD610 /* Viewed Pins */,
				37F8110D1FA58EEA004AD610 /* Profile */,
				37F8110C1FA58EC3004AD610 /* Widgets */,
			);
			path = "View Controllers";
			sourceTree = "<group>";
		};
		B9CB3D051F9056500023EA79 /* Views */ = {
			isa = PBXGroup;
			children = (
				B9BC3F151FA0339D00D4CC7A /* PinCell */,
				B9784BC21F9B23F6009BDF14 /* PinActions */,
				B9784BC11F9B2194009BDF14 /* PinDetailsCard */,
				B96D35241F99CAEF00BC6CBF /* PinCommentCell */,
				B9CB3D2C1F9414110023EA79 /* Profile */,
				B9CB3D2B1F9340D10023EA79 /* FancyTextField */,
				B96D352F1F9B036F00BC6CBF /* FancyTextView */,
				B7B862351F91E69400FB2F1E /* LocationBanner */,
				3771ABC01FA1A34700A06F17 /* Map Annotations */,
				375A657E1FA65BF100B3C952 /* Pin Collection View */,
				B7DE45DD1F9B0BFF00F2472F /* SegmentControlViewCell.swift */,
				B7DE45E11F9B2D4A00F2472F /* TagSelectorCell.swift */,
				B7DE45E31F9BE03C00F2472F /* TagSelectedCollectionCell.swift */,
				B7DE45E71F9BFB0300F2472F /* InfiniteScrollActivityView.swift */,
				B71D02A31F9C7AE20090DD9D /* PinOverviewCell.swift */,
				B7E1C73E1FA01FAF00DB0CCE /* UserLocationButton.swift */,
				B76CF4081FA313B9007B08FD /* AddTagCollectionViewCell.swift */,
				B71F5AEF1FA529ED009B0E60 /* DialogBox.swift */,
			);
			path = Views;
			sourceTree = "<group>";
		};
		B9CB3D181F90C8B30023EA79 /* Utils */ = {
			isa = PBXGroup;
			children = (
				B9CB3D191F90C8BF0023EA79 /* UIConstants.swift */,
				B7E83F221F92AFFA00FA9D88 /* Location.swift */,
				B763C3551F931F2700DA8311 /* AWSConstants.swift */,
				B9CB3D1F1F91E8200023EA79 /* KeyboardNotification.swift */,
				B9CB3D311F9425FA0023EA79 /* ImageUtils.swift */,
				37F3FA6A1F9B16A300287F61 /* Time.swift */,
				B71D029D1F9C28240090DD9D /* Conversions.swift */,
			);
			path = Utils;
			sourceTree = "<group>";
		};
		B9CB3D2B1F9340D10023EA79 /* FancyTextField */ = {
			isa = PBXGroup;
			children = (
				B9CB3D161F90B57C0023EA79 /* FancyTextField.swift */,
				B9CB3D141F90B5620023EA79 /* FancyTextField.xib */,
			);
			path = FancyTextField;
			sourceTree = "<group>";
		};
		B9CB3D2C1F9414110023EA79 /* Profile */ = {
			isa = PBXGroup;
			children = (
				B9CB3D2F1F94144B0023EA79 /* ProfileView.swift */,
				B9CB3D2D1F94143B0023EA79 /* ProfileView.xib */,
			);
			path = Profile;
			sourceTree = "<group>";
		};
/* End PBXGroup section */

/* Begin PBXNativeTarget section */
		B9CB3CEC1F9056060023EA79 /* Sweeper */ = {
			isa = PBXNativeTarget;
			buildConfigurationList = B9CB3CFF1F9056060023EA79 /* Build configuration list for PBXNativeTarget "Sweeper" */;
			buildPhases = (
				1742113A5BE74E5C0F2A63B1 /* [CP] Check Pods Manifest.lock */,
				B9CB3CE91F9056060023EA79 /* Sources */,
				B9CB3CEA1F9056060023EA79 /* Frameworks */,
				B9CB3CEB1F9056060023EA79 /* Resources */,
				2918441FE882F8C7B8223362 /* [CP] Embed Pods Frameworks */,
				CAA66BD9A508ACCA3ADB8317 /* [CP] Copy Pods Resources */,
			);
			buildRules = (
			);
			dependencies = (
			);
			name = Sweeper;
			productName = Sweeper;
			productReference = B9CB3CED1F9056060023EA79 /* Sweeper.app */;
			productType = "com.apple.product-type.application";
		};
/* End PBXNativeTarget section */

/* Begin PBXProject section */
		B9CB3CE51F9056060023EA79 /* Project object */ = {
			isa = PBXProject;
			attributes = {
				LastSwiftUpdateCheck = 0900;
				LastUpgradeCheck = 0900;
				ORGANIZATIONNAME = team11;
				TargetAttributes = {
					B9CB3CEC1F9056060023EA79 = {
						CreatedOnToolsVersion = 9.0;
						ProvisioningStyle = Automatic;
					};
				};
			};
			buildConfigurationList = B9CB3CE81F9056060023EA79 /* Build configuration list for PBXProject "Sweeper" */;
			compatibilityVersion = "Xcode 8.0";
			developmentRegion = en;
			hasScannedForEncodings = 0;
			knownRegions = (
				en,
				Base,
			);
			mainGroup = B9CB3CE41F9056060023EA79;
			productRefGroup = B9CB3CEE1F9056060023EA79 /* Products */;
			projectDirPath = "";
			projectRoot = "";
			targets = (
				B9CB3CEC1F9056060023EA79 /* Sweeper */,
			);
		};
/* End PBXProject section */

/* Begin PBXResourcesBuildPhase section */
		B9CB3CEB1F9056060023EA79 /* Resources */ = {
			isa = PBXResourcesBuildPhase;
			buildActionMask = 2147483647;
			files = (
				B7ED508B1FA54BBA00B7D61B /* Lato-Black.ttf in Resources */,
				B7ED508C1FA54BBA00B7D61B /* Lato-BlackItalic.ttf in Resources */,
				B7ED508D1FA54BBA00B7D61B /* Lato-Bold.ttf in Resources */,
				B7ED508E1FA54BBA00B7D61B /* Lato-BoldItalic.ttf in Resources */,
				B7ED508F1FA54BBA00B7D61B /* Lato-Hairline.ttf in Resources */,
				B7ED50901FA54BBA00B7D61B /* Lato-HairlineItalic.ttf in Resources */,
				B7ED50911FA54BBA00B7D61B /* Lato-Heavy.ttf in Resources */,
				B7ED50921FA54BBA00B7D61B /* Lato-HeavyItalic.ttf in Resources */,
				B7ED50931FA54BBA00B7D61B /* Lato-Italic.ttf in Resources */,
				B7ED50941FA54BBA00B7D61B /* Lato-Light.ttf in Resources */,
				B7ED50951FA54BBA00B7D61B /* Lato-LightItalic.ttf in Resources */,
				B7ED50961FA54BBA00B7D61B /* Lato-Medium.ttf in Resources */,
				B7ED50971FA54BBA00B7D61B /* Lato-MediumItalic.ttf in Resources */,
				B7ED50981FA54BBA00B7D61B /* Lato-Regular.ttf in Resources */,
				B7ED50991FA54BBA00B7D61B /* Lato-Semibold.ttf in Resources */,
				B7ED509A1FA54BBA00B7D61B /* Lato-SemiboldItalic.ttf in Resources */,
				B7ED509B1FA54BBA00B7D61B /* Lato-Thin.ttf in Resources */,
				B7ED509C1FA54BBA00B7D61B /* Lato-ThinItalic.ttf in Resources */,
				B96D35331F9B039A00BC6CBF /* FancyTextView.xib in Resources */,
				B9CB3CFB1F9056060023EA79 /* LaunchScreen.storyboard in Resources */,
				37F3FA701F9C29C100287F61 /* Profile.storyboard in Resources */,
				375A65821FA65C4800B3C952 /* ProfileHeader.xib in Resources */,
				3771ABC41FA1AA0300A06F17 /* CustomPinCalloutView.xib in Resources */,
				B9CB3D151F90B5620023EA79 /* FancyTextField.xib in Resources */,
				B7B862371F91E6AD00FB2F1E /* LocationBanner.xib in Resources */,
				B9CB3CF81F9056060023EA79 /* Assets.xcassets in Resources */,
				B7286D671F99C83300CD9C0E /* ScavengerHunt.storyboard in Resources */,
				B9CB3D261F92C6170023EA79 /* PinDetails.storyboard in Resources */,
				B96D35231F99B33A00BC6CBF /* PinDetailsCard.xib in Resources */,
				B96D352C1F9B006900BC6CBF /* PinComment.storyboard in Resources */,
				B9BC3F1B1FA0345D00D4CC7A /* PinCell.xib in Resources */,
				37F3FA7F1F9D5DBC00287F61 /* TabBar.storyboard in Resources */,
				375A65841FA65C6800B3C952 /* CollectionViewPinCell.xib in Resources */,
				B9CB3CF61F9056060023EA79 /* Login.storyboard in Resources */,
				B9CB3D2E1F94143B0023EA79 /* ProfileView.xib in Resources */,
				B79291FB1F91CD0100069144 /* CreatePin.storyboard in Resources */,
				37F3FA721F9C29E200287F61 /* ViewedPins.storyboard in Resources */,
				B9CB3D1C1F91D1780023EA79 /* Home.storyboard in Resources */,
				B9784BC41F9B240E009BDF14 /* PinActionsView.xib in Resources */,
				B96D35281F99D03700BC6CBF /* PinCommentCell.xib in Resources */,
			);
			runOnlyForDeploymentPostprocessing = 0;
		};
/* End PBXResourcesBuildPhase section */

/* Begin PBXShellScriptBuildPhase section */
		1742113A5BE74E5C0F2A63B1 /* [CP] Check Pods Manifest.lock */ = {
			isa = PBXShellScriptBuildPhase;
			buildActionMask = 2147483647;
			files = (
			);
			inputPaths = (
				"${PODS_PODFILE_DIR_PATH}/Podfile.lock",
				"${PODS_ROOT}/Manifest.lock",
			);
			name = "[CP] Check Pods Manifest.lock";
			outputPaths = (
				"$(DERIVED_FILE_DIR)/Pods-Sweeper-checkManifestLockResult.txt",
			);
			runOnlyForDeploymentPostprocessing = 0;
			shellPath = /bin/sh;
			shellScript = "diff \"${PODS_PODFILE_DIR_PATH}/Podfile.lock\" \"${PODS_ROOT}/Manifest.lock\" > /dev/null\nif [ $? != 0 ] ; then\n    # print error to STDERR\n    echo \"error: The sandbox is not in sync with the Podfile.lock. Run 'pod install' or update your CocoaPods installation.\" >&2\n    exit 1\nfi\n# This output is used by Xcode 'outputs' to avoid re-running this script phase.\necho \"SUCCESS\" > \"${SCRIPT_OUTPUT_FILE_0}\"\n";
			showEnvVarsInLog = 0;
		};
		2918441FE882F8C7B8223362 /* [CP] Embed Pods Frameworks */ = {
			isa = PBXShellScriptBuildPhase;
			buildActionMask = 2147483647;
			files = (
			);
			inputPaths = (
				"${SRCROOT}/Pods/Target Support Files/Pods-Sweeper/Pods-Sweeper-frameworks.sh",
				"${BUILT_PRODUCTS_DIR}/AFNetworking/AFNetworking.framework",
				"${BUILT_PRODUCTS_DIR}/AWSCognito/AWSCognito.framework",
				"${BUILT_PRODUCTS_DIR}/AWSCore/AWSCore.framework",
				"${BUILT_PRODUCTS_DIR}/AWSPolly/AWSPolly.framework",
				"${BUILT_PRODUCTS_DIR}/AWSS3/AWSS3.framework",
				"${BUILT_PRODUCTS_DIR}/Bolts/Bolts.framework",
				"${BUILT_PRODUCTS_DIR}/Bolts-Swift/BoltsSwift.framework",
				"${BUILT_PRODUCTS_DIR}/FBSDKCoreKit/FBSDKCoreKit.framework",
				"${BUILT_PRODUCTS_DIR}/FBSDKLoginKit/FBSDKLoginKit.framework",
				"${BUILT_PRODUCTS_DIR}/Fusuma/Fusuma.framework",
				"${BUILT_PRODUCTS_DIR}/KMPlaceholderTextView/KMPlaceholderTextView.framework",
				"${PODS_ROOT}/Mapbox-iOS-SDK/dynamic/Mapbox.framework",
				"${PODS_ROOT}/Mapbox-iOS-SDK/dynamic/Mapbox.framework.dSYM",
				"${BUILT_PRODUCTS_DIR}/MapboxCoreNavigation/MapboxCoreNavigation.framework",
				"${BUILT_PRODUCTS_DIR}/MapboxDirections.swift/MapboxDirections.framework",
				"${BUILT_PRODUCTS_DIR}/MapboxMobileEvents/MapboxMobileEvents.framework",
				"${BUILT_PRODUCTS_DIR}/MapboxNavigation/MapboxNavigation.framework",
				"${BUILT_PRODUCTS_DIR}/NVActivityIndicatorView/NVActivityIndicatorView.framework",
				"${BUILT_PRODUCTS_DIR}/OSRMTextInstructions/OSRMTextInstructions.framework",
				"${BUILT_PRODUCTS_DIR}/Parse/Parse.framework",
				"${BUILT_PRODUCTS_DIR}/ParseFacebookUtilsV4/ParseFacebookUtilsV4.framework",
				"${BUILT_PRODUCTS_DIR}/ParseLiveQuery/ParseLiveQuery.framework",
				"${BUILT_PRODUCTS_DIR}/Polyline/Polyline.framework",
				"${BUILT_PRODUCTS_DIR}/PopupDialog/PopupDialog.framework",
				"${BUILT_PRODUCTS_DIR}/Pulley/Pulley.framework",
				"${BUILT_PRODUCTS_DIR}/SDWebImage/SDWebImage.framework",
				"${BUILT_PRODUCTS_DIR}/Solar/Solar.framework",
				"${BUILT_PRODUCTS_DIR}/Starscream/Starscream.framework",
				"${BUILT_PRODUCTS_DIR}/SwiftDate/SwiftDate.framework",
				"${BUILT_PRODUCTS_DIR}/Turf/Turf.framework",
			);
			name = "[CP] Embed Pods Frameworks";
			outputPaths = (
				"${TARGET_BUILD_DIR}/${FRAMEWORKS_FOLDER_PATH}/AFNetworking.framework",
				"${TARGET_BUILD_DIR}/${FRAMEWORKS_FOLDER_PATH}/AWSCognito.framework",
				"${TARGET_BUILD_DIR}/${FRAMEWORKS_FOLDER_PATH}/AWSCore.framework",
				"${TARGET_BUILD_DIR}/${FRAMEWORKS_FOLDER_PATH}/AWSPolly.framework",
				"${TARGET_BUILD_DIR}/${FRAMEWORKS_FOLDER_PATH}/AWSS3.framework",
				"${TARGET_BUILD_DIR}/${FRAMEWORKS_FOLDER_PATH}/Bolts.framework",
				"${TARGET_BUILD_DIR}/${FRAMEWORKS_FOLDER_PATH}/BoltsSwift.framework",
				"${TARGET_BUILD_DIR}/${FRAMEWORKS_FOLDER_PATH}/FBSDKCoreKit.framework",
				"${TARGET_BUILD_DIR}/${FRAMEWORKS_FOLDER_PATH}/FBSDKLoginKit.framework",
				"${TARGET_BUILD_DIR}/${FRAMEWORKS_FOLDER_PATH}/Fusuma.framework",
				"${TARGET_BUILD_DIR}/${FRAMEWORKS_FOLDER_PATH}/KMPlaceholderTextView.framework",
				"${TARGET_BUILD_DIR}/${FRAMEWORKS_FOLDER_PATH}/Mapbox.framework",
				"${DWARF_DSYM_FOLDER_PATH}/Mapbox.framework.dSYM",
				"${TARGET_BUILD_DIR}/${FRAMEWORKS_FOLDER_PATH}/MapboxCoreNavigation.framework",
				"${TARGET_BUILD_DIR}/${FRAMEWORKS_FOLDER_PATH}/MapboxDirections.framework",
				"${TARGET_BUILD_DIR}/${FRAMEWORKS_FOLDER_PATH}/MapboxMobileEvents.framework",
				"${TARGET_BUILD_DIR}/${FRAMEWORKS_FOLDER_PATH}/MapboxNavigation.framework",
				"${TARGET_BUILD_DIR}/${FRAMEWORKS_FOLDER_PATH}/NVActivityIndicatorView.framework",
				"${TARGET_BUILD_DIR}/${FRAMEWORKS_FOLDER_PATH}/OSRMTextInstructions.framework",
				"${TARGET_BUILD_DIR}/${FRAMEWORKS_FOLDER_PATH}/Parse.framework",
				"${TARGET_BUILD_DIR}/${FRAMEWORKS_FOLDER_PATH}/ParseFacebookUtilsV4.framework",
				"${TARGET_BUILD_DIR}/${FRAMEWORKS_FOLDER_PATH}/ParseLiveQuery.framework",
				"${TARGET_BUILD_DIR}/${FRAMEWORKS_FOLDER_PATH}/Polyline.framework",
				"${TARGET_BUILD_DIR}/${FRAMEWORKS_FOLDER_PATH}/PopupDialog.framework",
				"${TARGET_BUILD_DIR}/${FRAMEWORKS_FOLDER_PATH}/Pulley.framework",
				"${TARGET_BUILD_DIR}/${FRAMEWORKS_FOLDER_PATH}/SDWebImage.framework",
				"${TARGET_BUILD_DIR}/${FRAMEWORKS_FOLDER_PATH}/Solar.framework",
				"${TARGET_BUILD_DIR}/${FRAMEWORKS_FOLDER_PATH}/Starscream.framework",
				"${TARGET_BUILD_DIR}/${FRAMEWORKS_FOLDER_PATH}/SwiftDate.framework",
				"${TARGET_BUILD_DIR}/${FRAMEWORKS_FOLDER_PATH}/Turf.framework",
			);
			runOnlyForDeploymentPostprocessing = 0;
			shellPath = /bin/sh;
			shellScript = "\"${SRCROOT}/Pods/Target Support Files/Pods-Sweeper/Pods-Sweeper-frameworks.sh\"\n";
			showEnvVarsInLog = 0;
		};
		CAA66BD9A508ACCA3ADB8317 /* [CP] Copy Pods Resources */ = {
			isa = PBXShellScriptBuildPhase;
			buildActionMask = 2147483647;
			files = (
			);
			inputPaths = (
				"${SRCROOT}/Pods/Target Support Files/Pods-Sweeper/Pods-Sweeper-resources.sh",
				"${PODS_ROOT}/GoogleMaps/Maps/Frameworks/GoogleMaps.framework/Resources/GoogleMaps.bundle",
				"${PODS_ROOT}/GooglePlaces/Frameworks/GooglePlaces.framework/Resources/GooglePlaces.bundle",
			);
			name = "[CP] Copy Pods Resources";
			outputPaths = (
				"${TARGET_BUILD_DIR}/${UNLOCALIZED_RESOURCES_FOLDER_PATH}",
			);
			runOnlyForDeploymentPostprocessing = 0;
			shellPath = /bin/sh;
			shellScript = "\"${SRCROOT}/Pods/Target Support Files/Pods-Sweeper/Pods-Sweeper-resources.sh\"\n";
			showEnvVarsInLog = 0;
		};
/* End PBXShellScriptBuildPhase section */

/* Begin PBXSourcesBuildPhase section */
		B9CB3CE91F9056060023EA79 /* Sources */ = {
			isa = PBXSourcesBuildPhase;
			buildActionMask = 2147483647;
			files = (
				B98C87341F9D548700F078BB /* SignUpViewController.swift in Sources */,
				B9CB3D281F92C6970023EA79 /* PinDetailsViewController.swift in Sources */,
				7C1A43181F96C82F00E3E6E0 /* PinAnnotation.swift in Sources */,
				37F3FA811F9D603400287F61 /* TabBarViewController.swift in Sources */,
				B9BC3F1D1FA0481200D4CC7A /* PinLike.swift in Sources */,
				B96D352E1F9B008E00BC6CBF /* PinCommentViewController.swift in Sources */,
				37731ECD1F92C093009E0603 /* AppService.swift in Sources */,
				B71F5AF01FA529ED009B0E60 /* DialogBox.swift in Sources */,
				B96D35211F99B32F00BC6CBF /* PinDetailsCard.swift in Sources */,
				B9CB3D321F9425FA0023EA79 /* ImageUtils.swift in Sources */,
				37F14EC91FA6671400D1F8D9 /* ProfileHeader.swift in Sources */,
				B7DE45E81F9BFB0300F2472F /* InfiniteScrollActivityView.swift in Sources */,
				B9E7BF821F9C2BDA0063973C /* PinsMapViewController.swift in Sources */,
				3771ABBF1FA1A33A00A06F17 /* PinCalloutView.swift in Sources */,
				B71D02A41F9C7AE20090DD9D /* PinOverviewCell.swift in Sources */,
				B9784BC61F9B2419009BDF14 /* PinActionsView.swift in Sources */,
				377DAA721F9D9AB100C7143A /* HomeViewController.swift in Sources */,
				B96D35311F9B039000BC6CBF /* FancyTextView.swift in Sources */,
				B9CB3D171F90B57C0023EA79 /* FancyTextField.swift in Sources */,
				7C1A43141F96B6FD00E3E6E0 /* PinAnnotationView.swift in Sources */,
				B7DE45DE1F9B0BFF00F2472F /* SegmentControlViewCell.swift in Sources */,
				3786F84A1F9414120009F05B /* TagService.swift in Sources */,
				37F811081FA58ABF004AD610 /* ProfileViewController.swift in Sources */,
				B71D02A01F9C2F740090DD9D /* ScavengerHunt.swift in Sources */,
				B96D35271F99D03700BC6CBF /* PinCommentCell.swift in Sources */,
				B7E83F231F92AFFA00FA9D88 /* Location.swift in Sources */,
				B763C3561F931F2700DA8311 /* AWSConstants.swift in Sources */,
				B96D352A1F9AFEA600BC6CBF /* PinComment.swift in Sources */,
				3786F8481F94071D0009F05B /* Tag.swift in Sources */,
				B7D83FEA1FA709BE00F5EB97 /* FullScreenImageViewController.swift in Sources */,
				7C1A43211F994CC000E3E6E0 /* StoryboardExtension.swift in Sources */,
				B7B862391F91E6B900FB2F1E /* LocationBanner.swift in Sources */,
				B7DE45E21F9B2D4A00F2472F /* TagSelectorCell.swift in Sources */,
				B7DE45E41F9BE03C00F2472F /* TagSelectedCollectionCell.swift in Sources */,
				37F3FA6B1F9B16A300287F61 /* Time.swift in Sources */,
				37F3FA761F9C2AEB00287F61 /* ViewedPinsViewController.swift in Sources */,
				B79291FE1F91CE7400069144 /* CreatePinViewController.swift in Sources */,
				B763C35D1F932DD600DA8311 /* UIViewExtension.swift in Sources */,
				B9CB3D071F9056720023EA79 /* LoginViewController.swift in Sources */,
				B7E1C73F1FA01FAF00DB0CCE /* UserLocationButton.swift in Sources */,
				377DAA741F9DB94E00C7143A /* EditProfileViewController.swift in Sources */,
				374C23E81F91BDA5000C0ECE /* Pin.swift in Sources */,
				B77121091F9AFD50004BD7D7 /* DoubleExtension.swift in Sources */,
				37731EC91F92BE5F009E0603 /* PinService.swift in Sources */,
				37731ECB1F92BE6D009E0603 /* UserService.swift in Sources */,
				B9CB3CF11F9056060023EA79 /* AppDelegate.swift in Sources */,
				B9CB3D201F91E8200023EA79 /* KeyboardNotification.swift in Sources */,
				B71D02A21F9C54770090DD9D /* SHNavigationViewController.swift in Sources */,
				3771ABC61FA2CFDC00A06F17 /* CustomPinCalloutView.swift in Sources */,
				B9CB3D1A1F90C8BF0023EA79 /* UIConstants.swift in Sources */,
				B763C3581F9322C500DA8311 /* StringExtension.swift in Sources */,
				B7EBCA121F94331B00D5795D /* ViewedPin.swift in Sources */,
				37B4E2531F99B9440090B168 /* PinsListViewController.swift in Sources */,
				B7E83F261F92EA9000FA9D88 /* AWSS3Service.swift in Sources */,
				B76CF4091FA313B9007B08FD /* AddTagCollectionViewCell.swift in Sources */,
				B9CB3D301F94144B0023EA79 /* ProfileView.swift in Sources */,
				B71D029E1F9C28240090DD9D /* Conversions.swift in Sources */,
				B7286D691F99CA1C00CD9C0E /* SHGenerateViewController.swift in Sources */,
				374C23EA1F91BDAE000C0ECE /* User.swift in Sources */,
				37D2A0D31F9F126300273B20 /* CollectionViewPinCell.swift in Sources */,
				B7DE45E01F9B214A00F2472F /* TagSelectorViewController.swift in Sources */,
				37B4E2551F99C6AA0090B168 /* PinCell.swift in Sources */,
			);
			runOnlyForDeploymentPostprocessing = 0;
		};
/* End PBXSourcesBuildPhase section */

/* Begin PBXVariantGroup section */
		B9CB3CF41F9056060023EA79 /* Login.storyboard */ = {
			isa = PBXVariantGroup;
			children = (
				B9CB3CF51F9056060023EA79 /* Base */,
			);
			name = Login.storyboard;
			sourceTree = "<group>";
		};
		B9CB3CF91F9056060023EA79 /* LaunchScreen.storyboard */ = {
			isa = PBXVariantGroup;
			children = (
				B9CB3CFA1F9056060023EA79 /* Base */,
			);
			name = LaunchScreen.storyboard;
			sourceTree = "<group>";
		};
/* End PBXVariantGroup section */

/* Begin XCBuildConfiguration section */
		B9CB3CFD1F9056060023EA79 /* Debug */ = {
			isa = XCBuildConfiguration;
			buildSettings = {
				ALWAYS_SEARCH_USER_PATHS = NO;
				CLANG_ANALYZER_NONNULL = YES;
				CLANG_ANALYZER_NUMBER_OBJECT_CONVERSION = YES_AGGRESSIVE;
				CLANG_CXX_LANGUAGE_STANDARD = "gnu++14";
				CLANG_CXX_LIBRARY = "libc++";
				CLANG_ENABLE_MODULES = YES;
				CLANG_ENABLE_OBJC_ARC = YES;
				CLANG_WARN_BLOCK_CAPTURE_AUTORELEASING = YES;
				CLANG_WARN_BOOL_CONVERSION = YES;
				CLANG_WARN_COMMA = YES;
				CLANG_WARN_CONSTANT_CONVERSION = YES;
				CLANG_WARN_DIRECT_OBJC_ISA_USAGE = YES_ERROR;
				CLANG_WARN_DOCUMENTATION_COMMENTS = YES;
				CLANG_WARN_EMPTY_BODY = YES;
				CLANG_WARN_ENUM_CONVERSION = YES;
				CLANG_WARN_INFINITE_RECURSION = YES;
				CLANG_WARN_INT_CONVERSION = YES;
				CLANG_WARN_NON_LITERAL_NULL_CONVERSION = YES;
				CLANG_WARN_OBJC_LITERAL_CONVERSION = YES;
				CLANG_WARN_OBJC_ROOT_CLASS = YES_ERROR;
				CLANG_WARN_RANGE_LOOP_ANALYSIS = YES;
				CLANG_WARN_STRICT_PROTOTYPES = YES;
				CLANG_WARN_SUSPICIOUS_MOVE = YES;
				CLANG_WARN_UNGUARDED_AVAILABILITY = YES_AGGRESSIVE;
				CLANG_WARN_UNREACHABLE_CODE = YES;
				CLANG_WARN__DUPLICATE_METHOD_MATCH = YES;
				CODE_SIGN_IDENTITY = "iPhone Developer";
				COPY_PHASE_STRIP = NO;
				DEBUG_INFORMATION_FORMAT = dwarf;
				ENABLE_STRICT_OBJC_MSGSEND = YES;
				ENABLE_TESTABILITY = YES;
				GCC_C_LANGUAGE_STANDARD = gnu11;
				GCC_DYNAMIC_NO_PIC = NO;
				GCC_NO_COMMON_BLOCKS = YES;
				GCC_OPTIMIZATION_LEVEL = 0;
				GCC_PREPROCESSOR_DEFINITIONS = (
					"DEBUG=1",
					"$(inherited)",
				);
				GCC_WARN_64_TO_32_BIT_CONVERSION = YES;
				GCC_WARN_ABOUT_RETURN_TYPE = YES_ERROR;
				GCC_WARN_UNDECLARED_SELECTOR = YES;
				GCC_WARN_UNINITIALIZED_AUTOS = YES_AGGRESSIVE;
				GCC_WARN_UNUSED_FUNCTION = YES;
				GCC_WARN_UNUSED_VARIABLE = YES;
				IPHONEOS_DEPLOYMENT_TARGET = 11.0;
				MTL_ENABLE_DEBUG_INFO = YES;
				ONLY_ACTIVE_ARCH = YES;
				SDKROOT = iphoneos;
				SWIFT_ACTIVE_COMPILATION_CONDITIONS = DEBUG;
				SWIFT_OPTIMIZATION_LEVEL = "-Onone";
			};
			name = Debug;
		};
		B9CB3CFE1F9056060023EA79 /* Release */ = {
			isa = XCBuildConfiguration;
			buildSettings = {
				ALWAYS_SEARCH_USER_PATHS = NO;
				CLANG_ANALYZER_NONNULL = YES;
				CLANG_ANALYZER_NUMBER_OBJECT_CONVERSION = YES_AGGRESSIVE;
				CLANG_CXX_LANGUAGE_STANDARD = "gnu++14";
				CLANG_CXX_LIBRARY = "libc++";
				CLANG_ENABLE_MODULES = YES;
				CLANG_ENABLE_OBJC_ARC = YES;
				CLANG_WARN_BLOCK_CAPTURE_AUTORELEASING = YES;
				CLANG_WARN_BOOL_CONVERSION = YES;
				CLANG_WARN_COMMA = YES;
				CLANG_WARN_CONSTANT_CONVERSION = YES;
				CLANG_WARN_DIRECT_OBJC_ISA_USAGE = YES_ERROR;
				CLANG_WARN_DOCUMENTATION_COMMENTS = YES;
				CLANG_WARN_EMPTY_BODY = YES;
				CLANG_WARN_ENUM_CONVERSION = YES;
				CLANG_WARN_INFINITE_RECURSION = YES;
				CLANG_WARN_INT_CONVERSION = YES;
				CLANG_WARN_NON_LITERAL_NULL_CONVERSION = YES;
				CLANG_WARN_OBJC_LITERAL_CONVERSION = YES;
				CLANG_WARN_OBJC_ROOT_CLASS = YES_ERROR;
				CLANG_WARN_RANGE_LOOP_ANALYSIS = YES;
				CLANG_WARN_STRICT_PROTOTYPES = YES;
				CLANG_WARN_SUSPICIOUS_MOVE = YES;
				CLANG_WARN_UNGUARDED_AVAILABILITY = YES_AGGRESSIVE;
				CLANG_WARN_UNREACHABLE_CODE = YES;
				CLANG_WARN__DUPLICATE_METHOD_MATCH = YES;
				CODE_SIGN_IDENTITY = "iPhone Developer";
				COPY_PHASE_STRIP = NO;
				DEBUG_INFORMATION_FORMAT = "dwarf-with-dsym";
				ENABLE_NS_ASSERTIONS = NO;
				ENABLE_STRICT_OBJC_MSGSEND = YES;
				GCC_C_LANGUAGE_STANDARD = gnu11;
				GCC_NO_COMMON_BLOCKS = YES;
				GCC_WARN_64_TO_32_BIT_CONVERSION = YES;
				GCC_WARN_ABOUT_RETURN_TYPE = YES_ERROR;
				GCC_WARN_UNDECLARED_SELECTOR = YES;
				GCC_WARN_UNINITIALIZED_AUTOS = YES_AGGRESSIVE;
				GCC_WARN_UNUSED_FUNCTION = YES;
				GCC_WARN_UNUSED_VARIABLE = YES;
				IPHONEOS_DEPLOYMENT_TARGET = 11.0;
				MTL_ENABLE_DEBUG_INFO = NO;
				SDKROOT = iphoneos;
				SWIFT_OPTIMIZATION_LEVEL = "-Owholemodule";
				VALIDATE_PRODUCT = YES;
			};
			name = Release;
		};
		B9CB3D001F9056060023EA79 /* Debug */ = {
			isa = XCBuildConfiguration;
			baseConfigurationReference = 1D859EDDB4E56A4A4F927E7C /* Pods-Sweeper.debug.xcconfig */;
			buildSettings = {
				ASSETCATALOG_COMPILER_APPICON_NAME = AppIcon;
				CODE_SIGN_STYLE = Automatic;
				DEVELOPMENT_TEAM = MCU29NU8L3;
				INFOPLIST_FILE = Sweeper/Info.plist;
				LD_RUNPATH_SEARCH_PATHS = "$(inherited) @executable_path/Frameworks";
				PRODUCT_BUNDLE_IDENTIFIER = com.team11.Sweeper;
				PRODUCT_NAME = "$(TARGET_NAME)";
				SWIFT_VERSION = 4.0;
				TARGETED_DEVICE_FAMILY = "1,2";
			};
			name = Debug;
		};
		B9CB3D011F9056060023EA79 /* Release */ = {
			isa = XCBuildConfiguration;
			baseConfigurationReference = 8770897BBAA32FD84972558F /* Pods-Sweeper.release.xcconfig */;
			buildSettings = {
				ASSETCATALOG_COMPILER_APPICON_NAME = AppIcon;
				CODE_SIGN_STYLE = Automatic;
				DEVELOPMENT_TEAM = MCU29NU8L3;
				INFOPLIST_FILE = Sweeper/Info.plist;
				LD_RUNPATH_SEARCH_PATHS = "$(inherited) @executable_path/Frameworks";
				PRODUCT_BUNDLE_IDENTIFIER = com.team11.Sweeper;
				PRODUCT_NAME = "$(TARGET_NAME)";
				SWIFT_VERSION = 4.0;
				TARGETED_DEVICE_FAMILY = "1,2";
			};
			name = Release;
		};
/* End XCBuildConfiguration section */

/* Begin XCConfigurationList section */
		B9CB3CE81F9056060023EA79 /* Build configuration list for PBXProject "Sweeper" */ = {
			isa = XCConfigurationList;
			buildConfigurations = (
				B9CB3CFD1F9056060023EA79 /* Debug */,
				B9CB3CFE1F9056060023EA79 /* Release */,
			);
			defaultConfigurationIsVisible = 0;
			defaultConfigurationName = Release;
		};
		B9CB3CFF1F9056060023EA79 /* Build configuration list for PBXNativeTarget "Sweeper" */ = {
			isa = XCConfigurationList;
			buildConfigurations = (
				B9CB3D001F9056060023EA79 /* Debug */,
				B9CB3D011F9056060023EA79 /* Release */,
			);
			defaultConfigurationIsVisible = 0;
			defaultConfigurationName = Release;
		};
/* End XCConfigurationList section */
	};
	rootObject = B9CB3CE51F9056060023EA79 /* Project object */;
}
